# THIS IS AN AUTOGENERATED FILE. DO NOT EDIT THIS FILE DIRECTLY.
# yarn lockfile v1


"@types/unist@^2.0.0", "@types/unist@^2.0.2":
  version "2.0.3"
  resolved "https://registry.yarnpkg.com/@types/unist/-/unist-2.0.3.tgz#9c088679876f374eb5983f150d4787aa6fb32d7e"
  integrity sha512-FvUupuM3rlRsRtCN+fDudtmytGO6iHJuuRKS1Ss0pG5z8oX0diNEw94UEL7hgDbpN94rgaK5R7sWm6RrSkZuAQ==

co@3.1.0:
  version "3.1.0"
  resolved "https://registry.yarnpkg.com/co/-/co-3.1.0.tgz#4ea54ea5a08938153185e15210c68d9092bc1b78"
  integrity sha1-TqVOpaCJOBUxheFSEMaNkJK8G3g=

collapse-white-space@^1.0.4:
  version "1.0.6"
  resolved "https://registry.yarnpkg.com/collapse-white-space/-/collapse-white-space-1.0.6.tgz#e63629c0016665792060dbbeb79c42239d2c5287"
  integrity sha512-jEovNnrhMuqyCcjfEJA56v0Xq8SkIoPKDyaHahwo3POf4qcSXqMYuwNcOTzp74vTsR9Tn08z4MxWqAhcekogkQ==

mdast-comment-marker@^1.0.0:
  version "1.1.2"
  resolved "https://registry.yarnpkg.com/mdast-comment-marker/-/mdast-comment-marker-1.1.2.tgz#5ad2e42cfcc41b92a10c1421a98c288d7b447a6d"
  integrity sha512-vTFXtmbbF3rgnTh3Zl3irso4LtvwUq/jaDvT2D1JqTGAwaipcS7RpTxzi6KjoRqI9n2yuAhzLDAC8xVTF3XYVQ==

mdast-util-heading-style@^1.0.2:
  version "1.0.6"
  resolved "https://registry.yarnpkg.com/mdast-util-heading-style/-/mdast-util-heading-style-1.0.6.tgz#6410418926fd5673d40f519406b35d17da10e3c5"
  integrity sha512-8ZuuegRqS0KESgjAGW8zTx4tJ3VNIiIaGFNEzFpRSAQBavVc7AvOo9I4g3crcZBfYisHs4seYh0rAVimO6HyOw==

mdast-util-to-string@^1.0.2:
  version "1.1.0"
  resolved "https://registry.yarnpkg.com/mdast-util-to-string/-/mdast-util-to-string-1.1.0.tgz#27055500103f51637bd07d01da01eb1967a43527"
  integrity sha512-jVU0Nr2B9X3MU4tSK7JP1CMkSvOj7X5l/GboG1tKRw52lLF1x2Ju92Ms9tNetCcbfX3hzlM73zYo2NKkWSfF/A==

pluralize@^8.0.0:
  version "8.0.0"
  resolved "https://registry.yarnpkg.com/pluralize/-/pluralize-8.0.0.tgz#1a6fa16a38d12a1901e0320fa017051c539ce3b1"
  integrity sha512-Nc3IT5yHzflTfbjgqWcCPpo7DaKy4FnpB0l/zCAW0Tc7jxAiuqSxHasntB3D7887LSrA93kDJ9IXovxJYxyLCA==

remark-lint-blockquote-indentation@^2.0.0:
  version "2.0.0"
  resolved "https://registry.yarnpkg.com/remark-lint-blockquote-indentation/-/remark-lint-blockquote-indentation-2.0.0.tgz#bbeef77eee9fdfa74975cd5491446ec9f3a96500"
  integrity sha512-Ma/lk+egYzvzV9+RLxR7iaNcFqwsF02guxY2nFF7gaVFXWDhbRy+hbiRZiTQe3y8AK+smc2yE79I+JRUVL15LQ==
  dependencies:
    mdast-util-to-string "^1.0.2"
    pluralize "^8.0.0"
    unified-lint-rule "^1.0.0"
    unist-util-generated "^1.1.0"
    unist-util-position "^3.0.0"
    unist-util-visit "^2.0.0"

remark-lint-checkbox-character-style@^2.0.0:
  version "2.0.0"
  resolved "https://registry.yarnpkg.com/remark-lint-checkbox-character-style/-/remark-lint-checkbox-character-style-2.0.0.tgz#6a87c8bafc9eefde4b3fb84a88cd924cf306b403"
  integrity sha512-V+eTXFHrHCpFFG2RWaQM6lSetLLvpYC8WEZ9dMYSAUbeS/h0PhA7cB7j5kGH86RUwGCihawfzNAKbRmgGxL+DQ==
  dependencies:
    unified-lint-rule "^1.0.0"
    unist-util-generated "^1.1.0"
    unist-util-position "^3.0.0"
    unist-util-visit "^2.0.0"
    vfile-location "^3.0.0"

remark-lint-code-block-style@^2.0.0:
  version "2.0.0"
  resolved "https://registry.yarnpkg.com/remark-lint-code-block-style/-/remark-lint-code-block-style-2.0.0.tgz#8d33bbbfc5e25c8b85be221a376fe64bf32c094e"
  integrity sha512-bXT1b9MvYDxKdLfzWTW3eSXWy7v57LXtU5ySLzlD1g3DWoSA6rSWjJT5l/2mA+iOuswg18ssY3SSjwExmTyWUA==
  dependencies:
    unified-lint-rule "^1.0.0"
    unist-util-generated "^1.1.0"
    unist-util-position "^3.0.0"
    unist-util-visit "^2.0.0"

remark-lint-definition-case@^2.0.0:
  version "2.0.0"
  resolved "https://registry.yarnpkg.com/remark-lint-definition-case/-/remark-lint-definition-case-2.0.0.tgz#971daa6e510dcb8adbe1d8e8a98815e0113192a5"
  integrity sha512-HU9lit5VSHJFPF6VJKR2oqFLZ75Jf6yNZIoqQsnQVTIW7HWn4hI1BTzytZOCA0LW/ZAtIGUpN4rIXg+pEibbeg==
  dependencies:
    unified-lint-rule "^1.0.0"
    unist-util-generated "^1.1.0"
    unist-util-position "^3.0.0"
    unist-util-visit "^2.0.0"

remark-lint-definition-spacing@^2.0.0:
  version "2.0.0"
  resolved "https://registry.yarnpkg.com/remark-lint-definition-spacing/-/remark-lint-definition-spacing-2.0.0.tgz#cdfe480e7e82e5bd0a8dbc4334f2f0aa9e55deb3"
  integrity sha512-kE+ffEGsyxgUDlcKSVrnhqyHjQfH0RtUVN/OdA/iSzKfTy/Yc9VMMaNu6xT14xhwjTnSVPrd38rUOnDt1LZhAw==
  dependencies:
    unified-lint-rule "^1.0.0"
    unist-util-generated "^1.1.0"
    unist-util-position "^3.0.0"
    unist-util-visit "^2.0.0"

remark-lint-emphasis-marker@^2.0.0:
  version "2.0.0"
  resolved "https://registry.yarnpkg.com/remark-lint-emphasis-marker/-/remark-lint-emphasis-marker-2.0.0.tgz#a4d4b2457eda05880d53754a85f76872a098ae98"
  integrity sha512-O7/8xeie/dkazeSjty+kxQ5n3kxw+YjeK81F3lbZ88J8L7bRIK4q84hTB2bzeHddOmX8zRzwvw8Y+BNesBU2/g==
  dependencies:
    unified-lint-rule "^1.0.0"
    unist-util-generated "^1.1.0"
    unist-util-position "^3.0.0"
    unist-util-visit "^2.0.0"

remark-lint-fenced-code-flag@^2.0.0:
  version "2.0.0"
  resolved "https://registry.yarnpkg.com/remark-lint-fenced-code-flag/-/remark-lint-fenced-code-flag-2.0.0.tgz#f32e360b10871aaea1f2d8ce34cce403594bebda"
  integrity sha512-SyQ31cdQlbsS+eBw2DUxkuzNwGIGlWnnCLyHLz3D1nxtZBVUaUOnIAturSA3PsguIrnxH4qD2JYCTp5aPbZhzQ==
  dependencies:
    unified-lint-rule "^1.0.0"
    unist-util-generated "^1.1.0"
    unist-util-position "^3.0.0"
    unist-util-visit "^2.0.0"

remark-lint-fenced-code-marker@^2.0.0:
  version "2.0.0"
  resolved "https://registry.yarnpkg.com/remark-lint-fenced-code-marker/-/remark-lint-fenced-code-marker-2.0.0.tgz#813d978112cf64be5b1f9c6cfb1d91c848219270"
  integrity sha512-ZkJ4/o0A34nQefhsu6AU2cftQjCwzXClbZ5TrwgtkQQHG9BSu9/vo3PSLxGGw7XBX63oKcrx5HWGrWXaeLTN2g==
  dependencies:
    unified-lint-rule "^1.0.0"
    unist-util-generated "^1.1.0"
    unist-util-position "^3.0.0"
    unist-util-visit "^2.0.0"

remark-lint-file-extension@^1.0.0:
  version "1.0.4"
  resolved "https://registry.yarnpkg.com/remark-lint-file-extension/-/remark-lint-file-extension-1.0.4.tgz#2b8c88a371a79729505108dc22e7ad3df35e4817"
  integrity sha512-Zfp1mXNwpg7STjTWynZjL+/JtvIOCrmOAZzL3uK+tYpT0ZDPdQ1EQEl5D92+Eiu5OcYlenzG42jiLcyJjv+Q2g==
  dependencies:
    unified-lint-rule "^1.0.0"

remark-lint-final-definition@^2.0.0:
  version "2.0.0"
  resolved "https://registry.yarnpkg.com/remark-lint-final-definition/-/remark-lint-final-definition-2.0.0.tgz#b4e2ce6bdd5bf3ef1b5ecfb2cff33b458901a161"
  integrity sha512-oGObGXt/CdQfvnoQHWrFPtpTQK7oHiw5kBGzG5GbPSj3rrv30ohD5K+11ljEle9e3wO048EiWDROO5eKzIeeGw==
  dependencies:
    unified-lint-rule "^1.0.0"
    unist-util-generated "^1.1.0"
    unist-util-position "^3.0.0"
    unist-util-visit "^2.0.0"

remark-lint-final-newline@^1.0.0:
  version "1.0.4"
  resolved "https://registry.yarnpkg.com/remark-lint-final-newline/-/remark-lint-final-newline-1.0.4.tgz#b2e6219d64becc9f909bbfb902da6ec79dfa5988"
  integrity sha512-pUwqX8TVTTfqX5arMnu9Dr2ufg6wZ6Pk1VeqlnWfK92PBXLG8Zc3yrLpYXOJy1fHdWpqUECRRowG0H/OkZIEbw==
  dependencies:
    unified-lint-rule "^1.0.0"

remark-lint-hard-break-spaces@^2.0.0:
  version "2.0.0"
  resolved "https://registry.yarnpkg.com/remark-lint-hard-break-spaces/-/remark-lint-hard-break-spaces-2.0.0.tgz#266c2b59f63203edd4a5a6d004f63cb7f7142d14"
  integrity sha512-dmB8GucOSDtEctwa+Y8JlSAWF4q8HcquvLr+OpFOSE1QCrpFoZdb2mcSY+rZuTtfeg4S60orhhzArd2aiHvUPQ==
  dependencies:
    unified-lint-rule "^1.0.0"
    unist-util-generated "^1.1.0"
    unist-util-position "^3.0.0"
    unist-util-visit "^2.0.0"

remark-lint-heading-increment@^2.0.0:
  version "2.0.0"
  resolved "https://registry.yarnpkg.com/remark-lint-heading-increment/-/remark-lint-heading-increment-2.0.0.tgz#33990c5bdb83d0fbf17072800402b7e8b9f0804c"
  integrity sha512-rMBYkn4Vb8ZUmuzVged5UlyDS1L1xrGeEVE+uRgjsoFiToZvN4jSWNEWgLcCfXB8//+ntbRjLGAJ64M8YOkifA==
  dependencies:
    unified-lint-rule "^1.0.0"
    unist-util-generated "^1.1.0"
    unist-util-visit "^2.0.0"

remark-lint-heading-style@^2.0.0:
  version "2.0.0"
  resolved "https://registry.yarnpkg.com/remark-lint-heading-style/-/remark-lint-heading-style-2.0.0.tgz#7d54cf91a4929db125ae088f3afc7bb021a0212e"
  integrity sha512-LZvnAq5zWh9i/oRAEocth8yajEEH4kRgCrL4dE547Nkv6zaR2SKcym+uXMZ+GF6WEWcjXMiwSxIL7MHaT6XexA==
  dependencies:
    mdast-util-heading-style "^1.0.2"
    unified-lint-rule "^1.0.0"
    unist-util-generated "^1.1.0"
    unist-util-visit "^2.0.0"

remark-lint-link-title-style@^2.0.0:
  version "2.0.0"
  resolved "https://registry.yarnpkg.com/remark-lint-link-title-style/-/remark-lint-link-title-style-2.0.0.tgz#6a2d1887b4a3be6b507b4026a42022e7909b1e24"
  integrity sha512-XQOHQmeVVizjbQtJ1vCWwqG0FkHlZUOhdt3Gj65NqRIuOWQepGzu9KnPcdACuyax4P9wKGFvOEWlLrlPlFseyg==
  dependencies:
    unified-lint-rule "^1.0.0"
    unist-util-generated "^1.1.0"
    unist-util-position "^3.0.0"
    unist-util-visit "^2.0.0"
    vfile-location "^3.0.0"

remark-lint-list-item-bullet-indent@^2.0.0:
  version "2.0.0"
  resolved "https://registry.yarnpkg.com/remark-lint-list-item-bullet-indent/-/remark-lint-list-item-bullet-indent-2.0.0.tgz#895e71cdeb7b0c37eab4abb7b2e1ae3b61275a6f"
  integrity sha512-8iK+ht771UBf/Iuj4YBgdLnFFOyEgfXY62jBoywtMuiOLVWXDfPe+jUY7pCrnFjsnxXGEnMaxHJqENgrHd0J/w==
  dependencies:
    pluralize "^8.0.0"
    unified-lint-rule "^1.0.0"
    unist-util-generated "^1.1.0"
    unist-util-position "^3.0.0"
    unist-util-visit "^2.0.0"

remark-lint-list-item-content-indent@^2.0.0:
  version "2.0.0"
  resolved "https://registry.yarnpkg.com/remark-lint-list-item-content-indent/-/remark-lint-list-item-content-indent-2.0.0.tgz#86c3195c0112578b823bc47445e9d7a1a044f4f9"
  integrity sha512-UO3c71SVW7cCYMuw630FOFI/5fc5ombw+Dxkw7snKsjI3Yrhkln8t6YycYc5Isa8qQu9I2JgD6PG2EMla8iNRQ==
  dependencies:
    pluralize "^8.0.0"
    unified-lint-rule "^1.0.0"
    unist-util-generated "^1.1.0"
    unist-util-position "^3.0.0"
    unist-util-visit "^2.0.0"

remark-lint-list-item-indent@^2.0.0:
  version "2.0.0"
  resolved "https://registry.yarnpkg.com/remark-lint-list-item-indent/-/remark-lint-list-item-indent-2.0.0.tgz#88b47c12ca487b639cef10520bf445c5f609c190"
  integrity sha512-qnKsq2UQpCC8gnI1O23dgoKsd+5RAJrAJuvHXrlkRgzsab7BOMluptxRlyLVXn0P71l4Wo/bfo84Ual7qpOyWw==
  dependencies:
    pluralize "^8.0.0"
    unified-lint-rule "^1.0.0"
    unist-util-generated "^1.1.0"
    unist-util-position "^3.0.0"
    unist-util-visit "^2.0.0"

remark-lint-list-item-spacing@^2.0.0:
  version "2.0.0"
  resolved "https://registry.yarnpkg.com/remark-lint-list-item-spacing/-/remark-lint-list-item-spacing-2.0.0.tgz#92d6a9f2cf7026fd797b752a1a2767686f90a814"
  integrity sha512-IxIAFIJA0BqciY28OZEJXe6oeMsonVA8hcw/JEx4pTJidEBKz/LLZ8t5ZLNFPh8Tdt/XnzvcmNPqPCoa05XDhg==
  dependencies:
    unified-lint-rule "^1.0.0"
    unist-util-generated "^1.1.0"
    unist-util-position "^3.0.0"
    unist-util-visit "^2.0.0"

remark-lint-maximum-heading-length@^2.0.0:
  version "2.0.0"
  resolved "https://registry.yarnpkg.com/remark-lint-maximum-heading-length/-/remark-lint-maximum-heading-length-2.0.0.tgz#0db5aedb5b3c5e0e3b3acca17ebe126fccf900d4"
  integrity sha512-EuRam7uUQdWI3DXPKk7Kbu//l+IiYcTcZqBbswdpsHBzMQWF/R2e5SJVObdszKdEySJx/zktaYCKJDxqZjPnxQ==
  dependencies:
    mdast-util-to-string "^1.0.2"
    unified-lint-rule "^1.0.0"
    unist-util-generated "^1.1.0"
    unist-util-visit "^2.0.0"

remark-lint-maximum-line-length@^2.0.0:
  version "2.0.0"
  resolved "https://registry.yarnpkg.com/remark-lint-maximum-line-length/-/remark-lint-maximum-line-length-2.0.0.tgz#e3e036fa1b611af6157cac9ca16eb15ce240832b"
  integrity sha512-Qhe1QwDGisMP/UraUexWIPNBXJO8VQ7LIelz4NdftBQl/FxDVoXn3477Fm+8bGtcTXkMPF+QfllE4L1U7kJQgQ==
  dependencies:
    unified-lint-rule "^1.0.0"
    unist-util-generated "^1.1.0"
    unist-util-position "^3.0.0"
    unist-util-visit "^2.0.0"

remark-lint-no-auto-link-without-protocol@^2.0.0:
  version "2.0.0"
  resolved "https://registry.yarnpkg.com/remark-lint-no-auto-link-without-protocol/-/remark-lint-no-auto-link-without-protocol-2.0.0.tgz#e245d7841a08ad5197113aad05110456b1c78ab9"
  integrity sha512-pIntUa+zNiyRxIt2Wvp1soktDbVnk1SEiJXsjcLYYn9GapgXqOQG5ZfFwR6zxTkGV5mZKo9927EvHQkvIV6cLQ==
  dependencies:
    mdast-util-to-string "^1.0.2"
    unified-lint-rule "^1.0.0"
    unist-util-generated "^1.1.0"
    unist-util-position "^3.0.0"
    unist-util-visit "^2.0.0"

remark-lint-no-blockquote-without-marker@^3.0.0:
  version "3.0.0"
  resolved "https://registry.yarnpkg.com/remark-lint-no-blockquote-without-marker/-/remark-lint-no-blockquote-without-marker-3.0.0.tgz#8790558a6b45e326434a89e36806f86ea59a82d1"
  integrity sha512-auyAxMVDuhvGw29VilqUfUIUnBT7qmByG/kBPqV/GwM1a5rn4fIUJ7p9Je9BlWMRCBMTNQUMsm3ce0dawouVew==
  dependencies:
    unified-lint-rule "^1.0.0"
    unist-util-generated "^1.1.0"
    unist-util-position "^3.0.0"
    unist-util-visit "^2.0.0"
    vfile-location "^3.0.0"

remark-lint-no-consecutive-blank-lines@^2.0.0:
  version "2.0.0"
  resolved "https://registry.yarnpkg.com/remark-lint-no-consecutive-blank-lines/-/remark-lint-no-consecutive-blank-lines-2.0.0.tgz#53950a3947aee9ddf6a467ae0cf828f4d029a1d2"
  integrity sha512-qIXHW0atHaOmHlu7V+4Krs5IAdIZhcXoeRdOMgqkGNW8CtfL12pP8KnzigAB9D5/X/qxPxZ95Js/KaESFS+3hA==
  dependencies:
    pluralize "^8.0.0"
    unified-lint-rule "^1.0.0"
    unist-util-generated "^1.1.0"
    unist-util-position "^3.0.0"
    unist-util-visit "^2.0.0"

remark-lint-no-duplicate-definitions@^2.0.0:
  version "2.0.0"
  resolved "https://registry.yarnpkg.com/remark-lint-no-duplicate-definitions/-/remark-lint-no-duplicate-definitions-2.0.0.tgz#5e643440f0cd4390461ebfde8c5f7287a2cd5899"
  integrity sha512-Z5DkYKbmS+r4D0ZhaXgK6L72EWzhiklpXNF/TS+KCsffAFgfy5aJfSA3A8GpVNj1wYMP35STXBGBCLW5TckvGw==
  dependencies:
    unified-lint-rule "^1.0.0"
    unist-util-generated "^1.1.0"
    unist-util-position "^3.0.0"
    unist-util-stringify-position "^2.0.0"
    unist-util-visit "^2.0.0"

remark-lint-no-duplicate-headings@^2.0.0:
  version "2.0.0"
  resolved "https://registry.yarnpkg.com/remark-lint-no-duplicate-headings/-/remark-lint-no-duplicate-headings-2.0.0.tgz#ac0efd190b9b522b62030da71c1d31c1a7cfd6d9"
  integrity sha512-xiPZ0mGAzZXGivU0VaXmKbhxIRmRUeCzOGVSzyVKX36GJ7UKZJPgTonT9eGYTe1HogSk8C+Dof3RaahC6yOPoA==
  dependencies:
    mdast-util-to-string "^1.0.2"
    unified-lint-rule "^1.0.0"
    unist-util-generated "^1.1.0"
    unist-util-position "^3.0.0"
    unist-util-stringify-position "^2.0.0"
    unist-util-visit "^2.0.0"

remark-lint-no-emphasis-as-heading@^2.0.0:
  version "2.0.0"
  resolved "https://registry.yarnpkg.com/remark-lint-no-emphasis-as-heading/-/remark-lint-no-emphasis-as-heading-2.0.0.tgz#c5ab36733e8f32eaf566802d9dd17cd7bcba2994"
  integrity sha512-1POPqULVRC5zKczE3LJS+QGY8efLuFl+wdd/Q9xEULK42yEEiFHgZP4mlF6yi9rim5KgrIBMAoGPxJLXse2rPQ==
  dependencies:
    unified-lint-rule "^1.0.0"
    unist-util-generated "^1.1.0"
    unist-util-visit "^2.0.0"

remark-lint-no-file-name-articles@^1.0.0:
  version "1.0.4"
  resolved "https://registry.yarnpkg.com/remark-lint-no-file-name-articles/-/remark-lint-no-file-name-articles-1.0.4.tgz#cae4aec6a0c1ae6a9bb1d3e35b670a6f3550ba04"
  integrity sha512-Ieqg/2WjYs5M+IoZsFrQUG0niN8zRC6IAYWOVaHi3UK/1P0IdmXKZE6pCFSJrhletawAaPw9Xtl42/45tcccCA==
  dependencies:
    unified-lint-rule "^1.0.0"

remark-lint-no-file-name-consecutive-dashes@^1.0.0:
  version "1.0.4"
  resolved "https://registry.yarnpkg.com/remark-lint-no-file-name-consecutive-dashes/-/remark-lint-no-file-name-consecutive-dashes-1.0.4.tgz#b11f1608a13f5dbff656ce74362b7c54ef78a87d"
  integrity sha512-Fyc8mL+Fyt2b/BVkCc2Y+GjJ4SwafDKQEUaizeuZQDBTiqRK3S4L9YpvLHTAPgTNntZkXLUsHzFDlGyKzW2gBQ==
  dependencies:
    unified-lint-rule "^1.0.0"

remark-lint-no-file-name-irregular-characters@^1.0.0:
  version "1.0.4"
  resolved "https://registry.yarnpkg.com/remark-lint-no-file-name-irregular-characters/-/remark-lint-no-file-name-irregular-characters-1.0.4.tgz#25aef92aee3cde9e3e9cf72f6a666b4f56a143d5"
  integrity sha512-TbqV5rl+5iX8A5th5AS6wlXQSN/SnUqevqOHb0D65AMIIYlDfMGinKpEZ3xy52pJYDiV+1Z8J7WjUg13lBsNpw==
  dependencies:
    unified-lint-rule "^1.0.0"

remark-lint-no-file-name-mixed-case@^1.0.0:
  version "1.0.4"
  resolved "https://registry.yarnpkg.com/remark-lint-no-file-name-mixed-case/-/remark-lint-no-file-name-mixed-case-1.0.4.tgz#c50c0834a49254ae05bee61e6840352fd96d4f04"
  integrity sha512-kaUrUAZx7rw+PVKgENZ7/2//MIFoe3LxEkdIUoszPTvlEHdEtqCH3JAyxl9alwyhfs6KfCpCE3jLd84MfWfudg==
  dependencies:
    unified-lint-rule "^1.0.0"

remark-lint-no-file-name-outer-dashes@^1.0.0:
  version "1.0.5"
  resolved "https://registry.yarnpkg.com/remark-lint-no-file-name-outer-dashes/-/remark-lint-no-file-name-outer-dashes-1.0.5.tgz#7f8306fe02ffcc29225becd928801ff25d92680f"
  integrity sha512-5CMrCqyJj4ydM2QMhMAc60o08fJDxBgmO62r+RqVs+aIdIK6TtsF+T8oX+aTEtc3y/euKJ681tqEsSeJZh/h0A==
  dependencies:
    unified-lint-rule "^1.0.0"

remark-lint-no-heading-content-indent@^2.0.0:
  version "2.0.0"
  resolved "https://registry.yarnpkg.com/remark-lint-no-heading-content-indent/-/remark-lint-no-heading-content-indent-2.0.0.tgz#1ffb32496c674ac276565daf49fea4c36d9c0ccb"
  integrity sha512-Zqg0WXG60Nan8j7HZtnBXidMxXhlhc7Q5JrB54I3n7H3vSPCyaqhZJ2/obYVLalEVGND8NOJGvfA1rtchaZyYg==
  dependencies:
    mdast-util-heading-style "^1.0.2"
    pluralize "^8.0.0"
    unified-lint-rule "^1.0.0"
    unist-util-generated "^1.1.0"
    unist-util-position "^3.0.0"
    unist-util-visit "^2.0.0"

remark-lint-no-heading-punctuation@^2.0.0:
  version "2.0.0"
  resolved "https://registry.yarnpkg.com/remark-lint-no-heading-punctuation/-/remark-lint-no-heading-punctuation-2.0.0.tgz#c15b0d51d3635832f91ac2bdf3855dccc5ad4edf"
  integrity sha512-aJdMCKULB1G5NTEi1gprE7Z6OMgRWgH22sOIUbcMSO49tofy9tnYMRKIXG2qhvH7Jep9JTGuNsx03xJzDgJe9A==
  dependencies:
    mdast-util-to-string "^1.0.2"
    unified-lint-rule "^1.0.0"
    unist-util-generated "^1.1.0"
    unist-util-visit "^2.0.0"

remark-lint-no-inline-padding@^2.0.0:
  version "2.0.0"
  resolved "https://registry.yarnpkg.com/remark-lint-no-inline-padding/-/remark-lint-no-inline-padding-2.0.0.tgz#fc1b997a939477def3fc69198c2a7d43169e25a9"
  integrity sha512-0YueQ3SBA8zFQYCN0/afRc6ZuSbM4Azx4sPVeVpAfMT0MrYgmi6msswyhUDXaeN2RwVO6bx/ZW6di8dVqRr7UA==
  dependencies:
    mdast-util-to-string "^1.0.2"
    unified-lint-rule "^1.0.0"
    unist-util-generated "^1.1.0"
    unist-util-visit "^2.0.0"

remark-lint-no-literal-urls@^2.0.0:
  version "2.0.0"
  resolved "https://registry.yarnpkg.com/remark-lint-no-literal-urls/-/remark-lint-no-literal-urls-2.0.0.tgz#54a51fe5439242e4fa58458b259add440c2dcd4c"
  integrity sha512-bZAxr65ftz9joszDkSs2LBeJB2cRE8GydUtxYdA1WRHYmVW1AfM5ilcqLnWhiOmu+XMPH7J0eRvUzbtvu+xerw==
  dependencies:
    mdast-util-to-string "^1.0.2"
    unified-lint-rule "^1.0.0"
    unist-util-generated "^1.1.0"
    unist-util-position "^3.0.0"
    unist-util-visit "^2.0.0"

remark-lint-no-multiple-toplevel-headings@^2.0.0:
  version "2.0.0"
  resolved "https://registry.yarnpkg.com/remark-lint-no-multiple-toplevel-headings/-/remark-lint-no-multiple-toplevel-headings-2.0.0.tgz#6fb9ef88cf53cdaca2a606f3b3abc80028386a80"
  integrity sha512-vpbdnrqUykyqpjaREg4W07J3gHgR0eTapDkz9RjVwyGNmBry7xUnyvaiPavAKqsA+qO/nnpIH8Qyw/2u5hDsJQ==
  dependencies:
    unified-lint-rule "^1.0.0"
    unist-util-generated "^1.1.0"
    unist-util-position "^3.0.0"
    unist-util-stringify-position "^2.0.0"
    unist-util-visit "^2.0.0"

remark-lint-no-shell-dollars@^2.0.0:
  version "2.0.1"
  resolved "https://registry.yarnpkg.com/remark-lint-no-shell-dollars/-/remark-lint-no-shell-dollars-2.0.1.tgz#58d1cb24eeb05676b23f43a00cccf55d2fe5c696"
  integrity sha512-N+wOq3nmZ8WnCreWhi/rfIKQJPAz+pcbErQATcnQzH0znzldXlX8Ovlm54yDx/A+TmGMex/epkCwuiewIj9m4g==
  dependencies:
    unified-lint-rule "^1.0.0"
    unist-util-generated "^1.1.0"
    unist-util-visit "^2.0.0"

remark-lint-no-shortcut-reference-image@^2.0.0:
  version "2.0.0"
  resolved "https://registry.yarnpkg.com/remark-lint-no-shortcut-reference-image/-/remark-lint-no-shortcut-reference-image-2.0.0.tgz#098071db5187b8980b222258a6a6ef0017b3599d"
  integrity sha512-kgGCQBHibJ0IFVhWjnfjbqkKC0VeL5+cvyjjwfMJlgZrHEXNOYb2FJE2nvF/l6PSXQ17goRZpznTBfP4mQieUA==
  dependencies:
    unified-lint-rule "^1.0.0"
    unist-util-generated "^1.1.0"
    unist-util-visit "^2.0.0"

remark-lint-no-shortcut-reference-link@^2.0.0:
  version "2.0.0"
  resolved "https://registry.yarnpkg.com/remark-lint-no-shortcut-reference-link/-/remark-lint-no-shortcut-reference-link-2.0.0.tgz#a9e195744f2bb469b1ba6d85d48d0015100a9909"
  integrity sha512-rSdGLWpEsHa4b2doUch+B7QtUHH9XuC8Hndb4rAYf8U0d48KfGAIoiicxUho8qZJ4VA3RIaDo4kA/iQ15Al+Vg==
  dependencies:
    unified-lint-rule "^1.0.0"
    unist-util-generated "^1.1.0"
    unist-util-visit "^2.0.0"

remark-lint-no-table-indentation@^2.0.0:
  version "2.0.0"
  resolved "https://registry.yarnpkg.com/remark-lint-no-table-indentation/-/remark-lint-no-table-indentation-2.0.0.tgz#218c27d952c780df5577c2b461e63499a641a793"
  integrity sha512-5akpqHl+5r3Xe2WFiZB1I9eAwn6zTYqXNd0CVsiTF3DJo0KyvvgyrFRV1sCf/l/kzyNaFvpWpFDTMoWc8EI0RQ==
  dependencies:
    unified-lint-rule "^1.0.0"
    unist-util-generated "^1.1.0"
    unist-util-position "^3.0.0"
    unist-util-visit "^2.0.0"

remark-lint-no-undefined-references@^2.0.0:
  version "2.0.0"
  resolved "https://registry.yarnpkg.com/remark-lint-no-undefined-references/-/remark-lint-no-undefined-references-2.0.0.tgz#ec2a45cd19d36a5d9ce16df0a044496881143119"
  integrity sha512-K4k05pmlMRqEMUDYewitRUx8zM+ntJWbG61dILmL7to7uy0JoSbzuDtz1cxC+kKBKzkulPnyE3WOgRZG8RX2Jg==
  dependencies:
    collapse-white-space "^1.0.4"
    unified-lint-rule "^1.0.0"
    unist-util-generated "^1.1.0"
    unist-util-visit "^2.0.0"

remark-lint-no-unused-definitions@^2.0.0:
  version "2.0.0"
  resolved "https://registry.yarnpkg.com/remark-lint-no-unused-definitions/-/remark-lint-no-unused-definitions-2.0.0.tgz#f622b6f129b8c073a4d75234a869211c213d66a7"
  integrity sha512-Y8zrulwaf7z6WR1ICfEGjW92iq2SPEN7Zhrs0nloNITHOg22tIPf28TurUz9HSQ3sEd52d9bZCfW9RkdfMq1xw==
  dependencies:
    unified-lint-rule "^1.0.0"
    unist-util-generated "^1.1.0"
    unist-util-visit "^2.0.0"

remark-lint-ordered-list-marker-style@^2.0.0:
  version "2.0.0"
  resolved "https://registry.yarnpkg.com/remark-lint-ordered-list-marker-style/-/remark-lint-ordered-list-marker-style-2.0.0.tgz#0757ecb38ad7ec4ceeef8dcaa9558a969ef8ee2a"
  integrity sha512-zYMZA8tQD/slJYKqsstZv0/Q34Hkdlf4DjC8SOr92PSA60R/xr7JdVd/AHHisbMsFvdnHZrxaB8oIOtbAUJCSw==
  dependencies:
    unified-lint-rule "^1.0.0"
    unist-util-generated "^1.1.0"
    unist-util-position "^3.0.0"
    unist-util-visit "^2.0.0"

remark-lint-ordered-list-marker-value@^2.0.0:
  version "2.0.0"
  resolved "https://registry.yarnpkg.com/remark-lint-ordered-list-marker-value/-/remark-lint-ordered-list-marker-value-2.0.0.tgz#a0323eaddf85749c60a130c5605fa1c0ed0007c5"
  integrity sha512-5ASe7Bgb/npEuLvdQO9AtldVCEVCAKExGSqC3RJ7esy3rI5y8B0Jo383cvvCICVdQrHFIIlO3JAPhINSGNVfig==
  dependencies:
    unified-lint-rule "^1.0.0"
    unist-util-generated "^1.1.0"
    unist-util-position "^3.0.0"
    unist-util-visit "^2.0.0"

remark-lint-rule-style@^2.0.0:
  version "2.0.0"
  resolved "https://registry.yarnpkg.com/remark-lint-rule-style/-/remark-lint-rule-style-2.0.0.tgz#8e1f750975f931065023eb4ebaf8133b73042837"
  integrity sha512-fdRfLUE5AJiFEn9rWTQrHwOUG3UcYtIxbWnR7YFvuPlFmzcMRwRHP5ZOcrj4KIpwCdVtlPI3h08m0kfO7a1KlQ==
  dependencies:
    unified-lint-rule "^1.0.0"
    unist-util-generated "^1.1.0"
    unist-util-position "^3.0.0"
    unist-util-visit "^2.0.0"

remark-lint-strong-marker@^2.0.0:
  version "2.0.0"
  resolved "https://registry.yarnpkg.com/remark-lint-strong-marker/-/remark-lint-strong-marker-2.0.0.tgz#6017ee1d58b16a3e7be997de94e074396e5d76af"
  integrity sha512-1gl6vZF5BvV4kvS4xxhl8cw90La5Cio9ZFDQuspZMRA2KjzpwoU5RlTUbeHv8OqlKJJ2p7s0MDs8bLZNTzzjHA==
  dependencies:
    unified-lint-rule "^1.0.0"
    unist-util-generated "^1.1.0"
    unist-util-position "^3.0.0"
    unist-util-visit "^2.0.0"

remark-lint-table-cell-padding@^2.0.0:
  version "2.0.0"
  resolved "https://registry.yarnpkg.com/remark-lint-table-cell-padding/-/remark-lint-table-cell-padding-2.0.0.tgz#0efc3d5a1085e98cca828e0603cb681a9d352dd6"
  integrity sha512-UstIXIaRVRJPKZPv1AXX/p3qCt//RYNsRHIq8KvL5YQPKaKWRkj2cNermCgm0XoUXy0EmRPNiBtUcuAQaP+jXg==
  dependencies:
    unified-lint-rule "^1.0.0"
    unist-util-generated "^1.1.0"
    unist-util-position "^3.0.0"
    unist-util-visit "^2.0.0"

remark-lint-table-pipe-alignment@^2.0.0:
  version "2.0.0"
  resolved "https://registry.yarnpkg.com/remark-lint-table-pipe-alignment/-/remark-lint-table-pipe-alignment-2.0.0.tgz#e8abd7a431a9c5c585be4fe397cf0266989beb74"
  integrity sha512-sml1Megf3Qgipd7Esi0nbD0+Jd/iyw3dtghp3G5NOmopS4yMg/fbriNbbWdwT1R+FfW/a3YORtes11ThVPRFKw==
  dependencies:
    unified-lint-rule "^1.0.0"
    unist-util-generated "^1.1.0"
    unist-util-position "^3.0.0"
    unist-util-visit "^2.0.0"

remark-lint-table-pipes@^2.0.0:
  version "2.0.0"
  resolved "https://registry.yarnpkg.com/remark-lint-table-pipes/-/remark-lint-table-pipes-2.0.0.tgz#5fe4b2ad38a00a29c9d792a3aab9212cc65207e7"
  integrity sha512-qGIttPFNT+19BEDz2JJWQtJIClFNIpg+XVw6ruX9LSR7xdo5QG9uARG4XS2EGUQQ7fiLIxQYb8g2dHwuXGbfmA==
  dependencies:
    unified-lint-rule "^1.0.0"
    unist-util-generated "^1.1.0"
    unist-util-position "^3.0.0"
    unist-util-visit "^2.0.0"

remark-lint-unordered-list-marker-style@^2.0.0:
  version "2.0.0"
  resolved "https://registry.yarnpkg.com/remark-lint-unordered-list-marker-style/-/remark-lint-unordered-list-marker-style-2.0.0.tgz#ec510bdf1b7e3d245cd232e59b84ceebf0324bd0"
  integrity sha512-s+ZiBgBDbIiScPPxWG/r2E/4YY+xP6EFLsLXPV/uPx7JqegIP/4+MAPi7Nz2zLmnQ2eekssZrEXma3uDb/dE1Q==
  dependencies:
    unified-lint-rule "^1.0.0"
    unist-util-generated "^1.1.0"
    unist-util-position "^3.0.0"
    unist-util-visit "^2.0.0"

remark-lint@^7.0.0:
  version "7.0.0"
  resolved "https://registry.yarnpkg.com/remark-lint/-/remark-lint-7.0.0.tgz#76c054bbd32e8b7b01234f6a0c00e3d72ac9129a"
  integrity sha512-OLrWPYy0MUcGLa/2rjuy1kQILTRRK+JiRtyUzqe4XRoHboGuvFDcy/W2e7sq5hu/0xmD+Eh7cEa1Coiqp7LeaA==
  dependencies:
    remark-message-control "^6.0.0"

remark-message-control@^6.0.0:
  version "6.0.0"
  resolved "https://registry.yarnpkg.com/remark-message-control/-/remark-message-control-6.0.0.tgz#955b054b38c197c9f2e35b1d88a4912949db7fc5"
  integrity sha512-k9bt7BYc3G7YBdmeAhvd3VavrPa/XlKWR3CyHjr4sLO9xJyly8WHHT3Sp+8HPR8lEUv+/sZaffL7IjMLV0f6BA==
  dependencies:
    mdast-comment-marker "^1.0.0"
    unified-message-control "^3.0.0"

remark-preset-lint-consistent@^3.0.0:
  version "3.0.0"
  resolved "https://registry.yarnpkg.com/remark-preset-lint-consistent/-/remark-preset-lint-consistent-3.0.0.tgz#8548d7a5ff6c342dbaa7f9713adac587faad2640"
  integrity sha512-T+Nm1FobzqHTKClGG2oYGVbF4zAv8HSipG0tEt30EsXzMXT7AILIXjKyuyIt5T0LOqXbz5aPbGtLMbMuPK8aEw==
  dependencies:
    remark-lint "^7.0.0"
    remark-lint-blockquote-indentation "^2.0.0"
    remark-lint-checkbox-character-style "^2.0.0"
    remark-lint-code-block-style "^2.0.0"
    remark-lint-emphasis-marker "^2.0.0"
    remark-lint-fenced-code-marker "^2.0.0"
    remark-lint-heading-style "^2.0.0"
    remark-lint-link-title-style "^2.0.0"
    remark-lint-list-item-content-indent "^2.0.0"
    remark-lint-ordered-list-marker-style "^2.0.0"
    remark-lint-rule-style "^2.0.0"
    remark-lint-strong-marker "^2.0.0"
    remark-lint-table-cell-padding "^2.0.0"

remark-preset-lint-markdown-style-guide@^3.0.0:
  version "3.0.0"
  resolved "https://registry.yarnpkg.com/remark-preset-lint-markdown-style-guide/-/remark-preset-lint-markdown-style-guide-3.0.0.tgz#8077a441fc04078a5982700cfb74255fbb993c94"
  integrity sha512-f5Af/kYdPF+J4sfaHLlJ7rgMPDNp/jjTU+QUACnq0ge0QtZgxpDL2Nn40NKu7EhSx2dcvRxcaqqnLeb9VS++hQ==
  dependencies:
    remark-lint "^7.0.0"
    remark-lint-blockquote-indentation "^2.0.0"
    remark-lint-code-block-style "^2.0.0"
    remark-lint-definition-case "^2.0.0"
    remark-lint-definition-spacing "^2.0.0"
    remark-lint-emphasis-marker "^2.0.0"
    remark-lint-fenced-code-flag "^2.0.0"
    remark-lint-fenced-code-marker "^2.0.0"
    remark-lint-file-extension "^1.0.0"
    remark-lint-final-definition "^2.0.0"
    remark-lint-hard-break-spaces "^2.0.0"
    remark-lint-heading-increment "^2.0.0"
    remark-lint-heading-style "^2.0.0"
    remark-lint-link-title-style "^2.0.0"
    remark-lint-list-item-content-indent "^2.0.0"
    remark-lint-list-item-indent "^2.0.0"
    remark-lint-list-item-spacing "^2.0.0"
    remark-lint-maximum-heading-length "^2.0.0"
    remark-lint-maximum-line-length "^2.0.0"
    remark-lint-no-auto-link-without-protocol "^2.0.0"
    remark-lint-no-blockquote-without-marker "^3.0.0"
    remark-lint-no-consecutive-blank-lines "^2.0.0"
    remark-lint-no-duplicate-headings "^2.0.0"
    remark-lint-no-emphasis-as-heading "^2.0.0"
    remark-lint-no-file-name-articles "^1.0.0"
    remark-lint-no-file-name-consecutive-dashes "^1.0.0"
    remark-lint-no-file-name-irregular-characters "^1.0.0"
    remark-lint-no-file-name-mixed-case "^1.0.0"
    remark-lint-no-file-name-outer-dashes "^1.0.0"
    remark-lint-no-heading-punctuation "^2.0.0"
    remark-lint-no-inline-padding "^2.0.0"
    remark-lint-no-literal-urls "^2.0.0"
    remark-lint-no-multiple-toplevel-headings "^2.0.0"
    remark-lint-no-shell-dollars "^2.0.0"
    remark-lint-no-shortcut-reference-image "^2.0.0"
    remark-lint-no-shortcut-reference-link "^2.0.0"
    remark-lint-no-table-indentation "^2.0.0"
    remark-lint-ordered-list-marker-style "^2.0.0"
    remark-lint-ordered-list-marker-value "^2.0.0"
    remark-lint-rule-style "^2.0.0"
    remark-lint-strong-marker "^2.0.0"
    remark-lint-table-cell-padding "^2.0.0"
    remark-lint-table-pipe-alignment "^2.0.0"
    remark-lint-table-pipes "^2.0.0"
    remark-lint-unordered-list-marker-style "^2.0.0"

remark-preset-lint-recommended@^4.0.0:
  version "4.0.0"
  resolved "https://registry.yarnpkg.com/remark-preset-lint-recommended/-/remark-preset-lint-recommended-4.0.0.tgz#b6221efec09ab7f6eabe2c8b42a9957690b564f5"
  integrity sha512-Nroe+4Itvk+AHxkMCMu6iRUptE/5pXWgLoEOGdVO/2JIiMk/+15HEogMZ05vMhPct9+Wp4uVt2zqfuvzNzdcww==
  dependencies:
    remark-lint "^7.0.0"
    remark-lint-final-newline "^1.0.0"
    remark-lint-hard-break-spaces "^2.0.0"
    remark-lint-list-item-bullet-indent "^2.0.0"
    remark-lint-list-item-indent "^2.0.0"
    remark-lint-no-auto-link-without-protocol "^2.0.0"
    remark-lint-no-blockquote-without-marker "^3.0.0"
    remark-lint-no-duplicate-definitions "^2.0.0"
    remark-lint-no-heading-content-indent "^2.0.0"
    remark-lint-no-inline-padding "^2.0.0"
    remark-lint-no-literal-urls "^2.0.0"
    remark-lint-no-shortcut-reference-image "^2.0.0"
    remark-lint-no-shortcut-reference-link "^2.0.0"
    remark-lint-no-undefined-references "^2.0.0"
    remark-lint-no-unused-definitions "^2.0.0"
    remark-lint-ordered-list-marker-style "^2.0.0"

remark-preset-prettier@^0.4.0:
  version "0.4.0"
  resolved "https://registry.yarnpkg.com/remark-preset-prettier/-/remark-preset-prettier-0.4.0.tgz#b0edae6b46286c255ca897d44901145867585ab3"
  integrity sha512-Y0lwBg/xRyE8/yF4IYJVJxrUHSVE8WThbsnKS5/fE4lSAoX/s0yuiEl7gv/+OWA1G7r5o0xKLZPW3rJjhvfvpw==

sliced@^1.0.1:
  version "1.0.1"
  resolved "https://registry.yarnpkg.com/sliced/-/sliced-1.0.1.tgz#0b3a662b5d04c3177b1926bea82b03f837a2ef41"
  integrity sha1-CzpmK10Ewxd7GSa+qCsD+Dei70E=

unified-lint-rule@^1.0.0:
  version "1.0.5"
  resolved "https://registry.yarnpkg.com/unified-lint-rule/-/unified-lint-rule-1.0.5.tgz#41dcac68a283bfc4b4ff6014e370cc8931eb4b5d"
  integrity sha512-jOPr/fx8lTzqszEfh46p99jUMqgPlIZ8rNKllEepumISvgfj9lUq1c7BSpVihr0L1df3lkjVHAThRPS7dIyjYg==
  dependencies:
    wrapped "^1.0.1"

unified-message-control@^3.0.0:
  version "3.0.1"
  resolved "https://registry.yarnpkg.com/unified-message-control/-/unified-message-control-3.0.1.tgz#7018855daea9af96082cbea35970d48c9c4dbbf2"
  integrity sha512-K2Kvvp1DBzeuxYLLsumZh/gDWUTl4e2z/P3VReFirC78cfHKtQifbhnfRrSBtKtd1Uc6cvYTW0/SZIUaMAEcTg==
  dependencies:
    unist-util-visit "^2.0.0"
    vfile-location "^3.0.0"

unist-util-generated@^1.1.0:
  version "1.1.5"
  resolved "https://registry.yarnpkg.com/unist-util-generated/-/unist-util-generated-1.1.5.tgz#1e903e68467931ebfaea386dae9ea253628acd42"
  integrity sha512-1TC+NxQa4N9pNdayCYA1EGUOCAO0Le3fVp7Jzns6lnua/mYgwHo0tz5WUAfrdpNch1RZLHc61VZ1SDgrtNXLSw==

unist-util-is@^4.0.0:
  version "4.0.2"
  resolved "https://registry.yarnpkg.com/unist-util-is/-/unist-util-is-4.0.2.tgz#c7d1341188aa9ce5b3cff538958de9895f14a5de"
  integrity sha512-Ofx8uf6haexJwI1gxWMGg6I/dLnF2yE+KibhD3/diOqY2TinLcqHXCV6OI5gFVn3xQqDH+u0M625pfKwIwgBKQ==

unist-util-position@^3.0.0:
  version "3.1.0"
  resolved "https://registry.yarnpkg.com/unist-util-position/-/unist-util-position-3.1.0.tgz#1c42ee6301f8d52f47d14f62bbdb796571fa2d47"
  integrity sha512-w+PkwCbYSFw8vpgWD0v7zRCl1FpY3fjDSQ3/N/wNd9Ffa4gPi8+4keqt99N3XW6F99t/mUzp2xAhNmfKWp95QA==

unist-util-stringify-position@^2.0.0:
  version "2.0.3"
  resolved "https://registry.yarnpkg.com/unist-util-stringify-position/-/unist-util-stringify-position-2.0.3.tgz#cce3bfa1cdf85ba7375d1d5b17bdc4cada9bd9da"
  integrity sha512-3faScn5I+hy9VleOq/qNbAd6pAx7iH5jYBMS9I1HgQVijz/4mv5Bvw5iw1sC/90CODiKo81G/ps8AJrISn687g==
  dependencies:
    "@types/unist" "^2.0.2"

unist-util-visit-parents@^3.0.0:
  version "3.0.2"
  resolved "https://registry.yarnpkg.com/unist-util-visit-parents/-/unist-util-visit-parents-3.0.2.tgz#d4076af3011739c71d2ce99d05de37d545f4351d"
  integrity sha512-yJEfuZtzFpQmg1OSCyS9M5NJRrln/9FbYosH3iW0MG402QbdbaB8ZESwUv9RO6nRfLAKvWcMxCwdLWOov36x/g==
  dependencies:
    "@types/unist" "^2.0.0"
    unist-util-is "^4.0.0"

unist-util-visit@^2.0.0:
  version "2.0.2"
  resolved "https://registry.yarnpkg.com/unist-util-visit/-/unist-util-visit-2.0.2.tgz#3843782a517de3d2357b4c193b24af2d9366afb7"
  integrity sha512-HoHNhGnKj6y+Sq+7ASo2zpVdfdRifhTgX2KTU3B/sO/TTlZchp7E3S4vjRzDJ7L60KmrCPsQkVK3lEF3cz36XQ==
  dependencies:
    "@types/unist" "^2.0.0"
    unist-util-is "^4.0.0"
    unist-util-visit-parents "^3.0.0"

vfile-location@^3.0.0:
  version "3.0.1"
  resolved "https://registry.yarnpkg.com/vfile-location/-/vfile-location-3.0.1.tgz#d78677c3546de0f7cd977544c367266764d31bb3"
  integrity sha512-yYBO06eeN/Ki6Kh1QAkgzYpWT1d3Qln+ZCtSbJqFExPl1S3y2qqotJQXoh6qEvl/jDlgpUJolBn3PItVnnZRqQ==

wrapped@^1.0.1:
  version "1.0.1"
  resolved "https://registry.yarnpkg.com/wrapped/-/wrapped-1.0.1.tgz#c783d9d807b273e9b01e851680a938c87c907242"
  integrity sha1-x4PZ2Aeyc+mwHoUWgKk4yHyQckI=
  dependencies:
    co "3.1.0"
    sliced "^1.0.1"
