# THIS IS AN AUTOGENERATED FILE. DO NOT EDIT THIS FILE DIRECTLY.
# yarn lockfile v1


"@types/unist@^2.0.2":
  version "2.0.3"
  resolved "https://registry.yarnpkg.com/@types/unist/-/unist-2.0.3.tgz#9c088679876f374eb5983f150d4787aa6fb32d7e"
  integrity sha512-FvUupuM3rlRsRtCN+fDudtmytGO6iHJuuRKS1Ss0pG5z8oX0diNEw94UEL7hgDbpN94rgaK5R7sWm6RrSkZuAQ==

co@3.1.0:
  version "3.1.0"
  resolved "https://registry.yarnpkg.com/co/-/co-3.1.0.tgz#4ea54ea5a08938153185e15210c68d9092bc1b78"
  integrity sha1-TqVOpaCJOBUxheFSEMaNkJK8G3g=

collapse-white-space@^1.0.4:
  version "1.0.5"
  resolved "https://registry.yarnpkg.com/collapse-white-space/-/collapse-white-space-1.0.5.tgz#c2495b699ab1ed380d29a1091e01063e75dbbe3a"
  integrity sha512-703bOOmytCYAX9cXYqoikYIx6twmFCXsnzRQheBcTG3nzKYBR4P/+wkYeH+Mvj7qUz8zZDtdyzbxfnEi/kYzRQ==

irregular-plurals@^2.0.0:
  version "2.0.0"
  resolved "https://registry.yarnpkg.com/irregular-plurals/-/irregular-plurals-2.0.0.tgz#39d40f05b00f656d0b7fa471230dd3b714af2872"
  integrity sha512-Y75zBYLkh0lJ9qxeHlMjQ7bSbyiSqNW/UOPWDmzC7cXskL1hekSITh1Oc6JV0XCWWZ9DE8VYSB71xocLk3gmGw==

mdast-comment-marker@^1.0.0:
  version "1.1.1"
  resolved "https://registry.yarnpkg.com/mdast-comment-marker/-/mdast-comment-marker-1.1.1.tgz#9c9c18e1ed57feafc1965d92b028f37c3c8da70d"
  integrity sha512-TWZDaUtPLwKX1pzDIY48MkSUQRDwX/HqbTB4m3iYdL/zosi/Z6Xqfdv0C0hNVKvzrPjZENrpWDt4p4odeVO0Iw==

mdast-util-heading-style@^1.0.2:
  version "1.0.5"
  resolved "https://registry.yarnpkg.com/mdast-util-heading-style/-/mdast-util-heading-style-1.0.5.tgz#81b2e60d76754198687db0e8f044e42376db0426"
  integrity sha512-8zQkb3IUwiwOdUw6jIhnwM6DPyib+mgzQuHAe7j2Hy1rIarU4VUxe472bp9oktqULW3xqZE+Kz6OD4Gi7IA3vw==

mdast-util-to-string@^1.0.2:
  version "1.0.7"
  resolved "https://registry.yarnpkg.com/mdast-util-to-string/-/mdast-util-to-string-1.0.7.tgz#62d8e9c6b2113070d8b497c7dc35bf12796f06ee"
  integrity sha512-P+gdtssCoHOX+eJUrrC30Sixqao86ZPlVjR5NEAoy0U79Pfxb1Y0Gntei0+GrnQD4T04X9xA8tcugp90cSmNow==

plur@^3.0.0:
  version "3.1.1"
  resolved "https://registry.yarnpkg.com/plur/-/plur-3.1.1.tgz#60267967866a8d811504fe58f2faaba237546a5b"
  integrity sha512-t1Ax8KUvV3FFII8ltczPn2tJdjqbd1sIzu6t4JL7nQ3EyeL/lTrj5PWKb06ic5/6XYDr65rQ4uzQEGN70/6X5w==
  dependencies:
    irregular-plurals "^2.0.0"

remark-lint-blockquote-indentation@^1.0.0:
  version "1.0.3"
  resolved "https://registry.yarnpkg.com/remark-lint-blockquote-indentation/-/remark-lint-blockquote-indentation-1.0.3.tgz#9c35235dd0e904ad6c085e9f66d94b3f13968d1f"
  integrity sha512-qK4C1l2VmeOVWEAkDYP0CaDtSFoaEBEo5l4oyz1kTkY7YB0Jh7llW2KjuhJz5IzMLmloKJzIyGwlu/odcwaHpg==
  dependencies:
    mdast-util-to-string "^1.0.2"
    plur "^3.0.0"
    unified-lint-rule "^1.0.0"
    unist-util-generated "^1.1.0"
    unist-util-position "^3.0.0"
    unist-util-visit "^1.1.1"

remark-lint-checkbox-character-style@^1.0.0:
  version "1.0.3"
  resolved "https://registry.yarnpkg.com/remark-lint-checkbox-character-style/-/remark-lint-checkbox-character-style-1.0.3.tgz#d92301fbcea0ba0670bd2190c7eefa7784be0e5b"
  integrity sha512-bQGrGHLlguTxOzuywHtYxNcg58TYhNgeEAMCTvdAggt5bYZIwmh/otx51JsQ0a96qxd/6/G0Ri2xzgyxf9wB8w==
  dependencies:
    unified-lint-rule "^1.0.0"
    unist-util-generated "^1.1.0"
    unist-util-position "^3.0.0"
    unist-util-visit "^1.1.1"
    vfile-location "^2.0.1"

remark-lint-code-block-style@^1.0.0:
  version "1.0.3"
  resolved "https://registry.yarnpkg.com/remark-lint-code-block-style/-/remark-lint-code-block-style-1.0.3.tgz#236d8a5558041decf2b275e9d9eb5868950375ec"
  integrity sha512-DL+rudnd9ILP5YXm74tLpMzfWZLqziX7NwIwUhqRefaOyWwxgPPy7hbT59FJqcFc6E/zvDz+Oq4nR1BSV5kEdw==
  dependencies:
    unified-lint-rule "^1.0.0"
    unist-util-generated "^1.1.0"
    unist-util-position "^3.0.0"
    unist-util-visit "^1.1.1"

remark-lint-definition-case@^1.0.0:
  version "1.0.4"
  resolved "https://registry.yarnpkg.com/remark-lint-definition-case/-/remark-lint-definition-case-1.0.4.tgz#54d2a112794f1a070a5e8aa7c8090e8ae9aa3e11"
  integrity sha512-ebl8vYOab9iy1Mr29Wo/9CmqcYGRjCfBievIZts08efrxIElWz+jB8/n7C17fh8k0djiiS/Of6W+bfRD+kMXLA==
  dependencies:
    unified-lint-rule "^1.0.0"
    unist-util-generated "^1.1.0"
    unist-util-position "^3.0.0"
    unist-util-visit "^1.4.0"

remark-lint-definition-spacing@^1.0.0:
  version "1.0.4"
  resolved "https://registry.yarnpkg.com/remark-lint-definition-spacing/-/remark-lint-definition-spacing-1.0.4.tgz#c322ff110c168449d8217773a23352c4174ffeba"
  integrity sha512-UderghITmru72OXB5ErCFhVsY7up2wK/m1bUD3E2dm/TFn73/7WpykENt5UirCDT/aeyoHYl8QXUVL20rAc3XQ==
  dependencies:
    unified-lint-rule "^1.0.0"
    unist-util-generated "^1.1.0"
    unist-util-position "^3.0.0"
    unist-util-visit "^1.4.0"

remark-lint-emphasis-marker@^1.0.0:
  version "1.0.3"
  resolved "https://registry.yarnpkg.com/remark-lint-emphasis-marker/-/remark-lint-emphasis-marker-1.0.3.tgz#6dc4e7df13e5092c1222110f826f68b4b3920550"
  integrity sha512-ea2tEVyhZvYxwj6AHsW2qzgEDLljcnzq5taZ3FJFL0KMZYZHfWaIU90H43jrW4seGEtmaP1bmoqJaTavJ2x5Jw==
  dependencies:
    unified-lint-rule "^1.0.0"
    unist-util-generated "^1.1.0"
    unist-util-position "^3.0.0"
    unist-util-visit "^1.1.1"

remark-lint-fenced-code-flag@^1.0.0:
  version "1.0.3"
  resolved "https://registry.yarnpkg.com/remark-lint-fenced-code-flag/-/remark-lint-fenced-code-flag-1.0.3.tgz#349caf7c6dd153d0b6ffb57cbcc67c8277569d2a"
  integrity sha512-X8Oi6dhfqV9NI3cVg29myvT/NATDHVgRGCpnNz76w7VXwzhBvQtJr1MxZzuPxfWLox+ARCXF2rY9n9hbYFHYTg==
  dependencies:
    unified-lint-rule "^1.0.0"
    unist-util-generated "^1.1.0"
    unist-util-position "^3.0.0"
    unist-util-visit "^1.1.1"

remark-lint-fenced-code-marker@^1.0.0:
  version "1.0.3"
  resolved "https://registry.yarnpkg.com/remark-lint-fenced-code-marker/-/remark-lint-fenced-code-marker-1.0.3.tgz#9df1d16d535856f41b3c17a7d309385475cbec04"
  integrity sha512-JKnojSQ8JkwpIpbNm6wtKEfx8iiv8QIwNHFM06iTCHExMhXa4pJ3wb5M5f0wsWNHtoND3lrw6AcVPoZxEPnflg==
  dependencies:
    unified-lint-rule "^1.0.0"
    unist-util-generated "^1.1.0"
    unist-util-position "^3.0.0"
    unist-util-visit "^1.1.1"

remark-lint-file-extension@^1.0.0:
  version "1.0.3"
  resolved "https://registry.yarnpkg.com/remark-lint-file-extension/-/remark-lint-file-extension-1.0.3.tgz#a7fc78fbf041e513c618b2cca0f2160ee37daa13"
  integrity sha512-P5gzsxKmuAVPN7Kq1W0f8Ss0cFKfu+OlezYJWXf+5qOa+9Y5GqHEUOobPnsmNFZrVMiM7JoqJN2C9ZjrUx3N6Q==
  dependencies:
    unified-lint-rule "^1.0.0"

remark-lint-final-definition@^1.0.0:
  version "1.0.3"
  resolved "https://registry.yarnpkg.com/remark-lint-final-definition/-/remark-lint-final-definition-1.0.3.tgz#4fd7bbf5a028f6e32645460965099689485508ae"
  integrity sha512-QhbBYy99enfQDeUTElioCHrhgg+SgjMNRlru7/JlOguOufP6wn7AXgn2EVTrLZRoByY0VsNS2jCayXxUTzQ8KA==
  dependencies:
    unified-lint-rule "^1.0.0"
    unist-util-generated "^1.1.0"
    unist-util-position "^3.0.0"
    unist-util-visit "^1.1.1"

remark-lint-final-newline@^1.0.0:
  version "1.0.3"
  resolved "https://registry.yarnpkg.com/remark-lint-final-newline/-/remark-lint-final-newline-1.0.3.tgz#06c3d71ec7b97c16cde31543cd41a16b36c30f79"
  integrity sha512-ETAadktv75EwUS3XDhyZUVstXKxfPAEn7SmfN9kZ4+Jb4qo4hHE9gtTOzhE6HxLUxxl9BBhpC5mMO3JcL8UZ5A==
  dependencies:
    unified-lint-rule "^1.0.0"

remark-lint-hard-break-spaces@^1.0.0:
  version "1.0.4"
  resolved "https://registry.yarnpkg.com/remark-lint-hard-break-spaces/-/remark-lint-hard-break-spaces-1.0.4.tgz#200e1dae849a6bc2f8fdb3b843faf23c70942530"
  integrity sha512-YM82UpgliZCZhGNmFxEe7ArfhqR5CplFf2bc0k0+8w3rKWKx7EJcGMar2NK410tIi40gGeWtH/pIEypPJFCCiA==
  dependencies:
    unified-lint-rule "^1.0.0"
    unist-util-generated "^1.1.0"
    unist-util-position "^3.0.0"
    unist-util-visit "^1.1.1"

remark-lint-heading-increment@^1.0.0:
  version "1.0.3"
  resolved "https://registry.yarnpkg.com/remark-lint-heading-increment/-/remark-lint-heading-increment-1.0.3.tgz#44ca296b50e182c2c4a59604b8026911be3977de"
  integrity sha512-/KL4/7D2pNxP07KKgktjcIUS+ga8pYI2k9Q/V91pMfyfSC+RYuCGOLFVJSKV0Affr/4Eqnfhw+gJ9X2HAanNuw==
  dependencies:
    unified-lint-rule "^1.0.0"
    unist-util-generated "^1.1.0"
    unist-util-visit "^1.1.1"

remark-lint-heading-style@^1.0.0:
  version "1.0.3"
  resolved "https://registry.yarnpkg.com/remark-lint-heading-style/-/remark-lint-heading-style-1.0.3.tgz#de7377996cb9c7e501ec1ba7b7767709a68b824b"
  integrity sha512-ZUhMav0HHUxo5gzLqxQsOf2ZpP/I3m6EEK8q25/kqpCYnwm1uRJ5CQ40PDQx46pmKtVibIMzDmraYovxNG3ovw==
  dependencies:
    mdast-util-heading-style "^1.0.2"
    unified-lint-rule "^1.0.0"
    unist-util-generated "^1.1.0"
    unist-util-visit "^1.1.1"

remark-lint-link-title-style@^1.0.0:
  version "1.0.4"
  resolved "https://registry.yarnpkg.com/remark-lint-link-title-style/-/remark-lint-link-title-style-1.0.4.tgz#eaca24b6eb1ee62b66a237ea54e532ed2aaaafec"
  integrity sha512-61/uH3zDTiozLJqgxp6rHGnVKTChC3UjL3Q0KQDBpprEOL4qLYjTn4fFKscVz776d0uUX6jczrW+GT4AFVOUgg==
  dependencies:
    unified-lint-rule "^1.0.0"
    unist-util-generated "^1.1.0"
    unist-util-position "^3.0.0"
    unist-util-visit "^1.1.1"
    vfile-location "^2.0.1"

remark-lint-list-item-bullet-indent@^1.0.0:
  version "1.0.3"
  resolved "https://registry.yarnpkg.com/remark-lint-list-item-bullet-indent/-/remark-lint-list-item-bullet-indent-1.0.3.tgz#3b12b7360694508402e0056c7ecd0eedab2aaac1"
  integrity sha512-iVxQbrgzLpMHG3C6o6wRta/+Bc96etOiBYJnh2zm/aWz6DJ7cGLDykngblP/C4he7LYSeWOD/8Y57HbXZwM2Og==
  dependencies:
    plur "^3.0.0"
    unified-lint-rule "^1.0.0"
    unist-util-generated "^1.1.0"
    unist-util-position "^3.0.0"
    unist-util-visit "^1.1.1"

remark-lint-list-item-content-indent@^1.0.0:
  version "1.0.3"
  resolved "https://registry.yarnpkg.com/remark-lint-list-item-content-indent/-/remark-lint-list-item-content-indent-1.0.3.tgz#e62012ef361fedaca42a764b8389023df4212eca"
  integrity sha512-ZSIGJG2/6jd1xj/xEoDlkcJBf2Ksw8U6vIGJO0IFIA3BLCbJm2EMWJxto2cfzRvXoACmAaxTJMqW8qatPExa4w==
  dependencies:
    plur "^3.0.0"
    unified-lint-rule "^1.0.0"
    unist-util-generated "^1.1.0"
    unist-util-position "^3.0.0"
    unist-util-visit "^1.1.1"

remark-lint-list-item-indent@^1.0.0:
  version "1.0.4"
  resolved "https://registry.yarnpkg.com/remark-lint-list-item-indent/-/remark-lint-list-item-indent-1.0.4.tgz#7a1ef6283f9a928f4940e02ec37099935f2783e6"
  integrity sha512-Sv0gVH6qP1/nFpbJuyyguB9sAD2o42StD2WbEZeUcEexXwRO4u/YaX0Pm5pMtCiEHyN+qyL6ShKBQMtgol9BeA==
  dependencies:
    plur "^3.0.0"
    unified-lint-rule "^1.0.0"
    unist-util-generated "^1.1.0"
    unist-util-position "^3.0.0"
    unist-util-visit "^1.1.1"

remark-lint-list-item-spacing@^1.0.0:
  version "1.1.3"
  resolved "https://registry.yarnpkg.com/remark-lint-list-item-spacing/-/remark-lint-list-item-spacing-1.1.3.tgz#5989bd2450fb4bbd5e8f8007887dc5ca56ad2e5f"
  integrity sha512-QzDY0Qfk6m+Az0kmxP57OfswIH1WRdd6SIpQLaUEgsTlsbrJOiO0sJYkkOlFPsyJIfp7SV/FCbr+aYCbHF+kRQ==
  dependencies:
    unified-lint-rule "^1.0.0"
    unist-util-generated "^1.1.0"
    unist-util-position "^3.0.0"
    unist-util-visit "^1.1.1"

remark-lint-maximum-heading-length@^1.0.0:
  version "1.0.3"
  resolved "https://registry.yarnpkg.com/remark-lint-maximum-heading-length/-/remark-lint-maximum-heading-length-1.0.3.tgz#e235190e9991567254f9ce1104e15dad8e332b13"
  integrity sha512-ybcDpR5VHBjtjzdry7AdSjLFwslPo6rdhIJK2+WfHgfeEjIYnlz1uMvp1Z98QMmjpB5JSN83Kzg5fH8/B7poUw==
  dependencies:
    mdast-util-to-string "^1.0.2"
    unified-lint-rule "^1.0.0"
    unist-util-generated "^1.1.0"
    unist-util-visit "^1.1.1"

remark-lint-maximum-line-length@^1.0.0:
  version "1.2.1"
  resolved "https://registry.yarnpkg.com/remark-lint-maximum-line-length/-/remark-lint-maximum-line-length-1.2.1.tgz#1030991d9af3c935731168a0a12ecb1db2d2b2b6"
  integrity sha512-CSxX1qc+rAqixk8eBrI+yBsUmD8YGfOezFeJWjJRuUaoOvs67oqCIU+I2HbwcUYY8/KnDxF1MCp+uCM0RkjKKw==
  dependencies:
    unified-lint-rule "^1.0.0"
    unist-util-generated "^1.1.0"
    unist-util-position "^3.0.0"
    unist-util-visit "^1.4.0"

remark-lint-no-auto-link-without-protocol@^1.0.0:
  version "1.0.3"
  resolved "https://registry.yarnpkg.com/remark-lint-no-auto-link-without-protocol/-/remark-lint-no-auto-link-without-protocol-1.0.3.tgz#f97aed92af24e6c07023a7a7dc2c147f7eb7927f"
  integrity sha512-k+hg2mXnO4Q9WV+UShPLen5oThvFxcRVWkx2hviVd/nu3eiszBKH3o38csBwjeJoMG3l2ZhdUW8dlOBhq8670Q==
  dependencies:
    mdast-util-to-string "^1.0.2"
    unified-lint-rule "^1.0.0"
    unist-util-generated "^1.1.0"
    unist-util-position "^3.0.0"
    unist-util-visit "^1.1.1"

remark-lint-no-blockquote-without-marker@^2.0.0:
  version "2.0.3"
  resolved "https://registry.yarnpkg.com/remark-lint-no-blockquote-without-marker/-/remark-lint-no-blockquote-without-marker-2.0.3.tgz#7eb431fcb742412e3bc66faa7f58531245ad952f"
  integrity sha512-faDzKrA6aKidsRXG6gcIlCO8TexLxIxe+n9B3mdnl8mhZGgE0FfWTkIWVMj0IYps/xVsVMf45KxhXgc1wU9kwg==
  dependencies:
    unified-lint-rule "^1.0.0"
    unist-util-generated "^1.1.0"
    unist-util-position "^3.0.0"
    unist-util-visit "^1.1.1"
    vfile-location "^2.0.1"

remark-lint-no-consecutive-blank-lines@^1.0.0:
  version "1.0.3"
  resolved "https://registry.yarnpkg.com/remark-lint-no-consecutive-blank-lines/-/remark-lint-no-consecutive-blank-lines-1.0.3.tgz#4fa3b2cf2939c978a3fe7978f726f6142e7dd567"
  integrity sha512-2Ef7fPxrfLditA7sTo2Qfqd+xwh/luWl8GzILE5vcWIxLDqKk3dTLJkB5nP+7Cr4kqWJAwXnRkEDd77ehrRV3A==
  dependencies:
    plur "^3.0.0"
    unified-lint-rule "^1.0.0"
    unist-util-generated "^1.1.0"
    unist-util-position "^3.0.0"
    unist-util-visit "^1.1.1"

remark-lint-no-duplicate-definitions@^1.0.0:
  version "1.0.5"
  resolved "https://registry.yarnpkg.com/remark-lint-no-duplicate-definitions/-/remark-lint-no-duplicate-definitions-1.0.5.tgz#b0347f3bae7f8870a9f04a27157ff658fbde28a4"
  integrity sha512-zKXmfNUODXhJsGQdqfguMG9Nl9v1sLaDsQgMjUtmOSoQRnNud9ThQAZl62eX5jBn5HKcpOifG80tgkyBvU5eEw==
  dependencies:
    unified-lint-rule "^1.0.0"
    unist-util-generated "^1.1.0"
    unist-util-position "^3.0.0"
    unist-util-stringify-position "^2.0.0"
    unist-util-visit "^1.4.0"

remark-lint-no-duplicate-headings@^1.0.0:
  version "1.0.4"
  resolved "https://registry.yarnpkg.com/remark-lint-no-duplicate-headings/-/remark-lint-no-duplicate-headings-1.0.4.tgz#52ac1479b6de83d5607b8d07e8ef3401d5078424"
  integrity sha512-QuPw+VG502Ctpd/jBjnBYuRXTg0ToP3D+dd3TYds4TRcdgaEFYTZfQ5zjK6XrxLMg0Hn9/WpXr4UqTlV4YZupA==
  dependencies:
    mdast-util-to-string "^1.0.2"
    unified-lint-rule "^1.0.0"
    unist-util-generated "^1.1.0"
    unist-util-position "^3.0.0"
    unist-util-stringify-position "^2.0.0"
    unist-util-visit "^1.1.1"

remark-lint-no-emphasis-as-heading@^1.0.0:
  version "1.0.3"
  resolved "https://registry.yarnpkg.com/remark-lint-no-emphasis-as-heading/-/remark-lint-no-emphasis-as-heading-1.0.3.tgz#9d837d4c5635a784ef0e983cfb402da15672050d"
  integrity sha512-HEmyeyKciUz95+CgpAH98RPR73jq5u5CZb2FOMSqgNl9B6FZXqVpq9F3txPqUw3nAqFYOAEnfiaoRgcqtioh0Q==
  dependencies:
    unified-lint-rule "^1.0.0"
    unist-util-generated "^1.1.0"
    unist-util-visit "^1.1.1"

remark-lint-no-file-name-articles@^1.0.0:
  version "1.0.3"
  resolved "https://registry.yarnpkg.com/remark-lint-no-file-name-articles/-/remark-lint-no-file-name-articles-1.0.3.tgz#c712d06a24e24b0c4c3666cf3084a0052a2c2c17"
  integrity sha512-YZDJDKUWZEmhrO6tHB0u0K0K2qJKxyg/kryr14OaRMvWLS62RgMn97sXPZ38XOSN7mOcCnl0k7/bClghJXx0sg==
  dependencies:
    unified-lint-rule "^1.0.0"

remark-lint-no-file-name-consecutive-dashes@^1.0.0:
  version "1.0.3"
  resolved "https://registry.yarnpkg.com/remark-lint-no-file-name-consecutive-dashes/-/remark-lint-no-file-name-consecutive-dashes-1.0.3.tgz#6a96ddf60e18dcdb004533733f3ccbfd8ab076ae"
  integrity sha512-7f4vyXn/ca5lAguWWC3eu5hi8oZ7etX7aQlnTSgQZeslnJCbVJm6V6prFJKAzrqbBzMicUXr5pZLBDoXyTvHHw==
  dependencies:
    unified-lint-rule "^1.0.0"

remark-lint-no-file-name-irregular-characters@^1.0.0:
  version "1.0.3"
  resolved "https://registry.yarnpkg.com/remark-lint-no-file-name-irregular-characters/-/remark-lint-no-file-name-irregular-characters-1.0.3.tgz#6dcd8b51e00e10094585918cb8e7fc999df776c3"
  integrity sha512-b4xIy1Yi8qZpM2vnMN+6gEujagPGxUBAs1judv6xJQngkl5d5zT8VQZsYsTGHku4NWHjjh3b7vK5mr0/yp4JSg==
  dependencies:
    unified-lint-rule "^1.0.0"

remark-lint-no-file-name-mixed-case@^1.0.0:
  version "1.0.3"
  resolved "https://registry.yarnpkg.com/remark-lint-no-file-name-mixed-case/-/remark-lint-no-file-name-mixed-case-1.0.3.tgz#0ebe5eedd0191507d27ad6ac5eed1778cb33c2de"
  integrity sha512-d7rJ4c8CzDbEbGafw2lllOY8k7pvnsO77t8cV4PHFylwQ3hmCdTHLuDvK87G3DaWCeKclp0PMyamfOgJWKMkPA==
  dependencies:
    unified-lint-rule "^1.0.0"

remark-lint-no-file-name-outer-dashes@^1.0.0:
  version "1.0.4"
  resolved "https://registry.yarnpkg.com/remark-lint-no-file-name-outer-dashes/-/remark-lint-no-file-name-outer-dashes-1.0.4.tgz#c6e22a5cc64df4e12fc31712a927e8039854a666"
  integrity sha512-+bZvvme2Bm3Vp5L2iKuvGHYVmHKrTkkRt8JqJPGepuhvBvT4Q7+CgfKyMtC/hIjyl+IcuJQ2H0qPRzdicjy1wQ==
  dependencies:
    unified-lint-rule "^1.0.0"

remark-lint-no-heading-content-indent@^1.0.0:
  version "1.0.3"
  resolved "https://registry.yarnpkg.com/remark-lint-no-heading-content-indent/-/remark-lint-no-heading-content-indent-1.0.3.tgz#2f1f23b3e9f0c1e3c3abca5e2de1587cc3178d6b"
  integrity sha512-7xM6X5E/dt8OXOHdejH+sfYb139a3kMr8ZSSkcp90Ab1y+ZQBNaWsR3mYh8FRKkYPTN5eyd+KjhNpLWyqqCbgg==
  dependencies:
    mdast-util-heading-style "^1.0.2"
    plur "^3.0.0"
    unified-lint-rule "^1.0.0"
    unist-util-generated "^1.1.0"
    unist-util-position "^3.0.0"
    unist-util-visit "^1.1.1"

remark-lint-no-heading-punctuation@^1.0.0:
  version "1.0.3"
  resolved "https://registry.yarnpkg.com/remark-lint-no-heading-punctuation/-/remark-lint-no-heading-punctuation-1.0.3.tgz#7357b0b6e668bb6b32338fe280cde9fe4388b547"
  integrity sha512-JQD05RjLS99ePBQ4Bed1uWsQTlIMBTcGgIgF6jFXSCEqhwnrIUDwk6S3MG1RZsKd3TLw2xuT/i+POpfBc2+1kQ==
  dependencies:
    mdast-util-to-string "^1.0.2"
    unified-lint-rule "^1.0.0"
    unist-util-generated "^1.1.0"
    unist-util-visit "^1.1.1"

remark-lint-no-inline-padding@^1.0.0:
  version "1.0.4"
  resolved "https://registry.yarnpkg.com/remark-lint-no-inline-padding/-/remark-lint-no-inline-padding-1.0.4.tgz#eedb4ca2691d30f3f05b4e5e33967bd64a34daa4"
  integrity sha512-u5rgbDkcfVv645YxxOwoGBBJbsHEwWm/XqnO8EhfKTxkfKOF4ZItG7Ajhj89EDaeXMkvCcB/avBl4bj50eJH3g==
  dependencies:
    mdast-util-to-string "^1.0.2"
    unified-lint-rule "^1.0.0"
    unist-util-generated "^1.1.0"
    unist-util-visit "^1.4.0"

remark-lint-no-literal-urls@^1.0.0:
  version "1.0.3"
  resolved "https://registry.yarnpkg.com/remark-lint-no-literal-urls/-/remark-lint-no-literal-urls-1.0.3.tgz#1b5374e416d1b595ee1902587dc37f34c0d6244a"
  integrity sha512-H5quyMzl2kaewK+jYD1FI0G1SIinIsIp4DEyOUwIR+vYUoKwo0B4vvW0cmPpD1dgqqxHYx0B2B0JQQKFVWzGiw==
  dependencies:
    mdast-util-to-string "^1.0.2"
    unified-lint-rule "^1.0.0"
    unist-util-generated "^1.1.0"
    unist-util-position "^3.0.0"
    unist-util-visit "^1.1.1"

remark-lint-no-multiple-toplevel-headings@^1.0.0:
  version "1.0.4"
  resolved "https://registry.yarnpkg.com/remark-lint-no-multiple-toplevel-headings/-/remark-lint-no-multiple-toplevel-headings-1.0.4.tgz#0cfd8575e5576d7678802eac56fda894afee3817"
  integrity sha512-0wDddx6htN5sL9/rofesiQF0oEgwN5224UmueiDx0ZUlYrn6VS0/SS0X3WWxtXmyeqlExfWF3D/g89tNs7dcjw==
  dependencies:
    unified-lint-rule "^1.0.0"
    unist-util-generated "^1.1.0"
    unist-util-position "^3.0.0"
    unist-util-stringify-position "^2.0.0"
    unist-util-visit "^1.1.1"

remark-lint-no-shell-dollars@^1.0.0:
  version "1.0.3"
  resolved "https://registry.yarnpkg.com/remark-lint-no-shell-dollars/-/remark-lint-no-shell-dollars-1.0.3.tgz#07e99fc3843c665440f9a1d894ee518b2ad23958"
  integrity sha512-fT3lQMTjEkPryL+63qDP1NfrohP3tG5i3SkNWSSR4VLU6OSsSSXlHGQGjo0ag//+EPKHB5/9frB/YQ0gDEPRGQ==
  dependencies:
    unified-lint-rule "^1.0.0"
    unist-util-generated "^1.1.0"
    unist-util-visit "^1.1.1"

remark-lint-no-shortcut-reference-image@^1.0.0:
  version "1.0.3"
  resolved "https://registry.yarnpkg.com/remark-lint-no-shortcut-reference-image/-/remark-lint-no-shortcut-reference-image-1.0.3.tgz#ab4fa15fd8aff251cb8db1f3aed4853e293aff41"
  integrity sha512-CGm27X54kXp/5ehXejDTsZjqzK4uIhLGcrFzN3k/KjdwunQouEY92AARGrLSEuJ1hQx0bJsmnvr/hvQyWAfNJg==
  dependencies:
    unified-lint-rule "^1.0.0"
    unist-util-generated "^1.1.0"
    unist-util-visit "^1.1.1"

remark-lint-no-shortcut-reference-link@^1.0.0:
  version "1.0.4"
  resolved "https://registry.yarnpkg.com/remark-lint-no-shortcut-reference-link/-/remark-lint-no-shortcut-reference-link-1.0.4.tgz#92af34b939c0341eacdb2fc2ede855f742dc1779"
  integrity sha512-FXdMJYqspZBhPlxYqfVgVluVXjxStg0RHJzqrk8G9wS8fCS62AE3reoaoiCahwoH1tfKcA+poktbKqDAmZo7Jg==
  dependencies:
    unified-lint-rule "^1.0.0"
    unist-util-generated "^1.1.0"
    unist-util-visit "^1.1.1"

remark-lint-no-table-indentation@^1.0.0:
  version "1.0.4"
  resolved "https://registry.yarnpkg.com/remark-lint-no-table-indentation/-/remark-lint-no-table-indentation-1.0.4.tgz#6681a26198ee86c4fbbba382a42254125bc5807b"
  integrity sha512-H4VGHcg1k8sTIbwazFYLNbDqpPR+M0aHHKDf+93b/xyd27Dp0ODQrMnQbls1Cls5qOAQnwAQbx+75wcpFxP3OQ==
  dependencies:
    unified-lint-rule "^1.0.0"
    unist-util-generated "^1.1.0"
    unist-util-position "^3.0.0"
    unist-util-visit "^1.4.0"

remark-lint-no-undefined-references@^1.0.0:
  version "1.1.1"
  resolved "https://registry.yarnpkg.com/remark-lint-no-undefined-references/-/remark-lint-no-undefined-references-1.1.1.tgz#b9fa2caec896df41a3c47169d9c6dd0cee3a2075"
  integrity sha512-b1eIjWFaCu6m16Ax2uG33o1v+eRYqDTQRUqU6UeQ76JXmDmVtVO75ZuyRpqqE7VTZRW8YLVurXfJPDXfIa5Wng==
  dependencies:
    collapse-white-space "^1.0.4"
    unified-lint-rule "^1.0.0"
    unist-util-generated "^1.1.0"
    unist-util-visit "^1.4.0"

remark-lint-no-unused-definitions@^1.0.0:
  version "1.0.5"
  resolved "https://registry.yarnpkg.com/remark-lint-no-unused-definitions/-/remark-lint-no-unused-definitions-1.0.5.tgz#183a0de2e55295f52ff888f99f9830eae35eaddf"
  integrity sha512-Bo22e0RNzc1QMW317KTuStGFDG7uTDUQhm/TrW6Qzud0WXnNnqUyvts+e7wTYoj8VnwhhjyjyoA9lKA3uXMdAQ==
  dependencies:
    unified-lint-rule "^1.0.0"
    unist-util-generated "^1.1.0"
    unist-util-visit "^1.4.0"

remark-lint-ordered-list-marker-style@^1.0.0:
  version "1.0.3"
  resolved "https://registry.yarnpkg.com/remark-lint-ordered-list-marker-style/-/remark-lint-ordered-list-marker-style-1.0.3.tgz#3fc6b9e254a641036e275269254365c42b7c62a1"
  integrity sha512-24TmW1eUa/2JlwprZg9jJ8LKLxNGKnlKiI5YOhN4taUp2yv8daqlV9vR54yfn/ZZQh6EQvbIX0jeVY9NYgQUtw==
  dependencies:
    unified-lint-rule "^1.0.0"
    unist-util-generated "^1.1.0"
    unist-util-position "^3.0.0"
    unist-util-visit "^1.1.1"

remark-lint-ordered-list-marker-value@^1.0.0:
  version "1.0.3"
  resolved "https://registry.yarnpkg.com/remark-lint-ordered-list-marker-value/-/remark-lint-ordered-list-marker-value-1.0.3.tgz#417afe3849b9926e06f8a6f62445541c63f0e97f"
  integrity sha512-WQ9yLD8cI9DSk/CE+APKUT6ZeXp0/RzOnsYqzMxEa8n1QHSqRSF7hVEiisqNTG9+gV64OEE66e+m4c7RVSUADw==
  dependencies:
    unified-lint-rule "^1.0.0"
    unist-util-generated "^1.1.0"
    unist-util-position "^3.0.0"
    unist-util-visit "^1.1.1"

remark-lint-rule-style@^1.0.0:
  version "1.0.3"
  resolved "https://registry.yarnpkg.com/remark-lint-rule-style/-/remark-lint-rule-style-1.0.3.tgz#859aef4d2e2180ecf9db56360497372b90a04aab"
  integrity sha512-SJe7IFORYRdo8JUhMSdcTktVAUVNVp36YYl1ZD9CfHqQHWlFD+3vWYzJXOZfog/i+CyWf7Yi0WVYmQes+167dA==
  dependencies:
    unified-lint-rule "^1.0.0"
    unist-util-generated "^1.1.0"
    unist-util-position "^3.0.0"
    unist-util-visit "^1.1.1"

remark-lint-strong-marker@^1.0.0:
  version "1.0.3"
  resolved "https://registry.yarnpkg.com/remark-lint-strong-marker/-/remark-lint-strong-marker-1.0.3.tgz#028e05b046ef260e8d40b342900061f1d09c8131"
  integrity sha512-PFkH282dCwfRsVEw9IxbYbaZBY4UcTuT2SN+lA3R0cBeocWnOySVw8YEm4sv9JfV8BLcQA5gc4tj66/U3KCScw==
  dependencies:
    unified-lint-rule "^1.0.0"
    unist-util-generated "^1.1.0"
    unist-util-position "^3.0.0"
    unist-util-visit "^1.1.1"

remark-lint-table-cell-padding@^1.0.0:
  version "1.0.4"
  resolved "https://registry.yarnpkg.com/remark-lint-table-cell-padding/-/remark-lint-table-cell-padding-1.0.4.tgz#be2b020a3985c414abb59cc5d88fda1993f8f2e8"
  integrity sha512-AQWWtV1yca1PN27QaFRJbBK6Ro/bopv1XnVKxj/iMebhOU2D2FBJ8rXmMZXVMC3G9OB2WSzGgqH3nP6QY12LoA==
  dependencies:
    unified-lint-rule "^1.0.0"
    unist-util-generated "^1.1.0"
    unist-util-position "^3.0.0"
    unist-util-visit "^1.4.0"

remark-lint-table-pipe-alignment@^1.0.0:
  version "1.0.3"
  resolved "https://registry.yarnpkg.com/remark-lint-table-pipe-alignment/-/remark-lint-table-pipe-alignment-1.0.3.tgz#8c6d0c93e417706a4083dc7fa279c537d4ed886c"
  integrity sha512-5fhEMcKqNjK6S/y7cVG0+iVqhmhXFW+awIuN7vOBhmDbZ3HF9rCCy20XiHoaG6FzrPJ+zfkjK/QZAbq2Vf58HA==
  dependencies:
    unified-lint-rule "^1.0.0"
    unist-util-generated "^1.1.0"
    unist-util-position "^3.0.0"
    unist-util-visit "^1.1.1"

remark-lint-table-pipes@^1.0.0:
  version "1.0.3"
  resolved "https://registry.yarnpkg.com/remark-lint-table-pipes/-/remark-lint-table-pipes-1.0.3.tgz#e34f91de4371f98c5e16701bd2302928468cbd8a"
  integrity sha512-K9NnGZp6i0m/CaOH7ZT4Ymt2seyiRPcBIlNMMGXBm6gpy34KJDDxYqsNUrh+j7dR+Zg4rYAQLnr3BiSHvj+rbQ==
  dependencies:
    unified-lint-rule "^1.0.0"
    unist-util-generated "^1.1.0"
    unist-util-position "^3.0.0"
    unist-util-visit "^1.1.1"

remark-lint-unordered-list-marker-style@^1.0.0:
  version "1.0.3"
  resolved "https://registry.yarnpkg.com/remark-lint-unordered-list-marker-style/-/remark-lint-unordered-list-marker-style-1.0.3.tgz#72f9ec8cd54950753593b3b727fd28e48fa197d5"
  integrity sha512-0nn/Yscy5ImO4fqByrk/Ua02UwGx8LRu+0kdCbkVz4IxPO5qxTEfyccUQZR71zTdMJp1d2OeqyD9XtMaO4X7Ww==
  dependencies:
    unified-lint-rule "^1.0.0"
    unist-util-generated "^1.1.0"
    unist-util-position "^3.0.0"
    unist-util-visit "^1.1.1"

remark-lint@^6.0.0:
  version "6.0.5"
  resolved "https://registry.yarnpkg.com/remark-lint/-/remark-lint-6.0.5.tgz#fbb864d56bf83d2e5d23ea7e346ca5e36710fda3"
  integrity sha512-o1I3ddm+KNsTxk60wWGI+p2yU1jB1gcm8jo2Sy6VhJ4ab2TrQIp1oQbp5xeLoFXYSh/NAqCpKjHkCM/BYpkFdQ==
  dependencies:
    remark-message-control "^4.0.0"

remark-message-control@^4.0.0:
  version "4.2.0"
  resolved "https://registry.yarnpkg.com/remark-message-control/-/remark-message-control-4.2.0.tgz#184c4a69ce6c4c707a5633fa35b0ce3dbf81f22c"
  integrity sha512-WXH2t5ljTyhsXlK1zPBLF3iPHbXl58R94phPMreS1xcHWBZJt6Oiu8RtNjy1poZFb3PqKnbYLJeR/CWcZ1bTFw==
  dependencies:
    mdast-comment-marker "^1.0.0"
    unified-message-control "^1.0.0"
    xtend "^4.0.1"

remark-preset-lint-consistent@^2.0.3:
  version "2.0.3"
  resolved "https://registry.yarnpkg.com/remark-preset-lint-consistent/-/remark-preset-lint-consistent-2.0.3.tgz#6417496d1f3a8dcf883e051a7080f7b6f55e5131"
  integrity sha512-mrtGznAikgXvBwgQdkT3LAWn47wQGvFs9IsLuBjNluv9JnCqkt2CpOG5htlES5aB3YnVdxzSS7AntF5iNxSlpA==
  dependencies:
    remark-lint "^6.0.0"
    remark-lint-blockquote-indentation "^1.0.0"
    remark-lint-checkbox-character-style "^1.0.0"
    remark-lint-code-block-style "^1.0.0"
    remark-lint-emphasis-marker "^1.0.0"
    remark-lint-fenced-code-marker "^1.0.0"
    remark-lint-heading-style "^1.0.0"
    remark-lint-link-title-style "^1.0.0"
    remark-lint-list-item-content-indent "^1.0.0"
    remark-lint-ordered-list-marker-style "^1.0.0"
    remark-lint-rule-style "^1.0.0"
    remark-lint-strong-marker "^1.0.0"
    remark-lint-table-cell-padding "^1.0.0"

remark-preset-lint-markdown-style-guide@^2.1.3:
  version "2.1.3"
  resolved "https://registry.yarnpkg.com/remark-preset-lint-markdown-style-guide/-/remark-preset-lint-markdown-style-guide-2.1.3.tgz#2d2e6a162cc18976a2be93f4ebd45835f2ff6c14"
  integrity sha512-H/jSoLvTY8abUcB+7/062I2oHevlHcHdrfRMP2RMh19QA1wmARgNEn3tZfdBXFq1TpzhevGgb6VwSdOjdU8NOQ==
  dependencies:
    remark-lint "^6.0.0"
    remark-lint-blockquote-indentation "^1.0.0"
    remark-lint-code-block-style "^1.0.0"
    remark-lint-definition-case "^1.0.0"
    remark-lint-definition-spacing "^1.0.0"
    remark-lint-emphasis-marker "^1.0.0"
    remark-lint-fenced-code-flag "^1.0.0"
    remark-lint-fenced-code-marker "^1.0.0"
    remark-lint-file-extension "^1.0.0"
    remark-lint-final-definition "^1.0.0"
    remark-lint-hard-break-spaces "^1.0.0"
    remark-lint-heading-increment "^1.0.0"
    remark-lint-heading-style "^1.0.0"
    remark-lint-link-title-style "^1.0.0"
    remark-lint-list-item-content-indent "^1.0.0"
    remark-lint-list-item-indent "^1.0.0"
    remark-lint-list-item-spacing "^1.0.0"
    remark-lint-maximum-heading-length "^1.0.0"
    remark-lint-maximum-line-length "^1.0.0"
    remark-lint-no-auto-link-without-protocol "^1.0.0"
    remark-lint-no-blockquote-without-marker "^2.0.0"
    remark-lint-no-consecutive-blank-lines "^1.0.0"
    remark-lint-no-duplicate-headings "^1.0.0"
    remark-lint-no-emphasis-as-heading "^1.0.0"
    remark-lint-no-file-name-articles "^1.0.0"
    remark-lint-no-file-name-consecutive-dashes "^1.0.0"
    remark-lint-no-file-name-irregular-characters "^1.0.0"
    remark-lint-no-file-name-mixed-case "^1.0.0"
    remark-lint-no-file-name-outer-dashes "^1.0.0"
    remark-lint-no-heading-punctuation "^1.0.0"
    remark-lint-no-inline-padding "^1.0.0"
    remark-lint-no-literal-urls "^1.0.0"
    remark-lint-no-multiple-toplevel-headings "^1.0.0"
    remark-lint-no-shell-dollars "^1.0.0"
    remark-lint-no-shortcut-reference-image "^1.0.0"
    remark-lint-no-shortcut-reference-link "^1.0.0"
    remark-lint-no-table-indentation "^1.0.0"
    remark-lint-ordered-list-marker-style "^1.0.0"
    remark-lint-ordered-list-marker-value "^1.0.0"
    remark-lint-rule-style "^1.0.0"
    remark-lint-strong-marker "^1.0.0"
    remark-lint-table-cell-padding "^1.0.0"
    remark-lint-table-pipe-alignment "^1.0.0"
    remark-lint-table-pipes "^1.0.0"
    remark-lint-unordered-list-marker-style "^1.0.0"

remark-preset-lint-recommended@^3.0.3:
  version "3.0.3"
  resolved "https://registry.yarnpkg.com/remark-preset-lint-recommended/-/remark-preset-lint-recommended-3.0.3.tgz#1322af0e49801278057f8f275ed1b6ed60328b40"
  integrity sha512-5sQ34j1Irlsj6Tt4WWRylZ7UU+1jD5es/LfDZBZp/LXDwC4ldGqKpMmCCR6Z00x1jYM1phmS4M+eGqTdah0qkQ==
  dependencies:
    remark-lint "^6.0.0"
    remark-lint-final-newline "^1.0.0"
    remark-lint-hard-break-spaces "^1.0.0"
    remark-lint-list-item-bullet-indent "^1.0.0"
    remark-lint-list-item-indent "^1.0.0"
    remark-lint-no-auto-link-without-protocol "^1.0.0"
    remark-lint-no-blockquote-without-marker "^2.0.0"
    remark-lint-no-duplicate-definitions "^1.0.0"
    remark-lint-no-heading-content-indent "^1.0.0"
    remark-lint-no-inline-padding "^1.0.0"
    remark-lint-no-literal-urls "^1.0.0"
    remark-lint-no-shortcut-reference-image "^1.0.0"
    remark-lint-no-shortcut-reference-link "^1.0.0"
    remark-lint-no-undefined-references "^1.0.0"
    remark-lint-no-unused-definitions "^1.0.0"
    remark-lint-ordered-list-marker-style "^1.0.0"

remark-preset-prettier@^0.2.2:
  version "0.2.2"
  resolved "https://registry.yarnpkg.com/remark-preset-prettier/-/remark-preset-prettier-0.2.2.tgz#a46e31b0e1ab14f05e85f6ad0cb6bae636afa8d2"
  integrity sha512-a2SwwAhO1H3d4GYdP8i6JLssrrGwIusV+3z7jxj6ZLl0e4o0hVRgke9xbdDFjnAImGQE72rJGjsuRvCFwqxHiQ==

sliced@^1.0.1:
  version "1.0.1"
  resolved "https://registry.yarnpkg.com/sliced/-/sliced-1.0.1.tgz#0b3a662b5d04c3177b1926bea82b03f837a2ef41"
  integrity sha1-CzpmK10Ewxd7GSa+qCsD+Dei70E=

trim@0.0.1:
  version "0.0.1"
  resolved "https://registry.yarnpkg.com/trim/-/trim-0.0.1.tgz#5858547f6b290757ee95cccc666fb50084c460dd"
  integrity sha1-WFhUf2spB1fulczMZm+1AITEYN0=

unified-lint-rule@^1.0.0:
  version "1.0.4"
  resolved "https://registry.yarnpkg.com/unified-lint-rule/-/unified-lint-rule-1.0.4.tgz#be432d316db7ad801166041727b023ba18963e24"
  integrity sha512-q9wY6S+d38xRAuWQVOMjBQYi7zGyKkY23ciNafB8JFVmDroyKjtytXHCg94JnhBCXrNqpfojo3+8D+gmF4zxJQ==
  dependencies:
    wrapped "^1.0.1"

unified-message-control@^1.0.0:
  version "1.0.4"
  resolved "https://registry.yarnpkg.com/unified-message-control/-/unified-message-control-1.0.4.tgz#a5e02c07112f78c6687b83a10392c2fba86dc09b"
  integrity sha512-e1dEtN4Z/TvLn/qHm+xeZpzqhJTtfZusFErk336kkZVpqrJYiV9ptxq+SbRPFMlN0OkjDYHmVJ929KYjsMTo3g==
  dependencies:
    trim "0.0.1"
    unist-util-visit "^1.0.0"
    vfile-location "^2.0.0"

unist-util-generated@^1.1.0:
  version "1.1.5"
  resolved "https://registry.yarnpkg.com/unist-util-generated/-/unist-util-generated-1.1.5.tgz#1e903e68467931ebfaea386dae9ea253628acd42"
  integrity sha512-1TC+NxQa4N9pNdayCYA1EGUOCAO0Le3fVp7Jzns6lnua/mYgwHo0tz5WUAfrdpNch1RZLHc61VZ1SDgrtNXLSw==

unist-util-is@^3.0.0:
  version "3.0.0"
  resolved "https://registry.yarnpkg.com/unist-util-is/-/unist-util-is-3.0.0.tgz#d9e84381c2468e82629e4a5be9d7d05a2dd324cd"
  integrity sha512-sVZZX3+kspVNmLWBPAB6r+7D9ZgAFPNWm66f7YNb420RlQSbn+n8rG8dGZSkrER7ZIXGQYNm5pqC3v3HopH24A==

unist-util-position@^3.0.0:
  version "3.0.4"
  resolved "https://registry.yarnpkg.com/unist-util-position/-/unist-util-position-3.0.4.tgz#5872be7aec38629b971fdb758051f78817b0040a"
  integrity sha512-tWvIbV8goayTjobxDIr4zVTyG+Q7ragMSMeKC3xnPl9xzIc0+she8mxXLM3JVNDDsfARPbCd3XdzkyLdo7fF3g==

unist-util-stringify-position@^2.0.0:
  version "2.0.2"
  resolved "https://registry.yarnpkg.com/unist-util-stringify-position/-/unist-util-stringify-position-2.0.2.tgz#5a3866e7138d55974b640ec69a94bc19e0f3fa12"
  integrity sha512-nK5n8OGhZ7ZgUwoUbL8uiVRwAbZyzBsB/Ddrlbu6jwwubFza4oe15KlyEaLNMXQW1svOQq4xesUeqA85YrIUQA==
  dependencies:
    "@types/unist" "^2.0.2"

unist-util-visit-parents@^2.0.0:
  version "2.1.2"
  resolved "https://registry.yarnpkg.com/unist-util-visit-parents/-/unist-util-visit-parents-2.1.2.tgz#25e43e55312166f3348cae6743588781d112c1e9"
  integrity sha512-DyN5vD4NE3aSeB+PXYNKxzGsfocxp6asDc2XXE3b0ekO2BaRUpBicbbUygfSvYfUz1IkmjFR1YF7dPklraMZ2g==
  dependencies:
    unist-util-is "^3.0.0"

unist-util-visit@^1.0.0, unist-util-visit@^1.1.1, unist-util-visit@^1.4.0:
  version "1.4.1"
  resolved "https://registry.yarnpkg.com/unist-util-visit/-/unist-util-visit-1.4.1.tgz#4724aaa8486e6ee6e26d7ff3c8685960d560b1e3"
  integrity sha512-AvGNk7Bb//EmJZyhtRUnNMEpId/AZ5Ph/KUpTI09WHQuDZHKovQ1oEv3mfmKpWKtoMzyMC4GLBm1Zy5k12fjIw==
  dependencies:
    unist-util-visit-parents "^2.0.0"

vfile-location@^2.0.0, vfile-location@^2.0.1:
  version "2.0.6"
  resolved "https://registry.yarnpkg.com/vfile-location/-/vfile-location-2.0.6.tgz#8a274f39411b8719ea5728802e10d9e0dff1519e"
  integrity sha512-sSFdyCP3G6Ka0CEmN83A2YCMKIieHx0EDaj5IDP4g1pa5ZJ4FJDvpO0WODLxo4LUX4oe52gmSCK7Jw4SBghqxA==

wrapped@^1.0.1:
  version "1.0.1"
  resolved "https://registry.yarnpkg.com/wrapped/-/wrapped-1.0.1.tgz#c783d9d807b273e9b01e851680a938c87c907242"
  integrity sha1-x4PZ2Aeyc+mwHoUWgKk4yHyQckI=
  dependencies:
    co "3.1.0"
    sliced "^1.0.1"

xtend@^4.0.1:
  version "4.0.2"
  resolved "https://registry.yarnpkg.com/xtend/-/xtend-4.0.2.tgz#bb72779f5fa465186b1f438f674fa347fdb5db54"
  integrity sha512-LKYU1iAXJXUgAXn9URjiu+MWhyUXHsvfp7mcuYm9dSUKK0/CjtrUwFAxD82/mCWbtLsGjFIad0wIsod4zrTAEQ==
