# THIS IS AN AUTOGENERATED FILE. DO NOT EDIT THIS FILE DIRECTLY.
# yarn lockfile v1


fast-diff@^1.1.2:
  version "1.2.0"
  resolved "https://registry.yarnpkg.com/fast-diff/-/fast-diff-1.2.0.tgz#73ee11982d86caaf7959828d519cfe927fac5f03"
  integrity sha512-xJuoT5+L99XlZ8twedaRf6Ax2TgQVxvgZOYoPKqZufmJib0tL2tegPBOZb1pVNgIhlqDlA0eO0c3wBvQcmzx4w==

prettier-linter-helpers@^1.0.0:
  version "1.0.0"
  resolved "https://registry.yarnpkg.com/prettier-linter-helpers/-/prettier-linter-helpers-1.0.0.tgz#d23d41fe1375646de2d0104d3454a3008802cf7b"
  integrity sha512-GbK2cP9nraSSUF9N2XwUwqfzlAFlMNYYl+ShE/V+H8a9uNl/oUqB1w2EL54Jh0OlyRSd8RfWYJ3coVS4TROP2w==
  dependencies:
    fast-diff "^1.1.2"

stylelint-config-css-modules@^2.0.0:
  version "2.0.0"
  resolved "https://registry.yarnpkg.com/stylelint-config-css-modules/-/stylelint-config-css-modules-2.0.0.tgz#e239240796eb6b2b826f25100adb21830349cf3b"
  integrity sha512-+jn5XNQfJ/i5iUIBit/1ys4sh0+pM9B/Krzak3wKuvFXYJk5eNU+iSkbD5aZZG/sY+Hr12YUiP2vqQiglqP5zg==

stylelint-config-prettier@^6.0.0:
  version "6.0.0"
  resolved "https://registry.yarnpkg.com/stylelint-config-prettier/-/stylelint-config-prettier-6.0.0.tgz#600aa218d8e34cf44a025903b0f60c079fd83366"
  integrity sha512-f/BKiUAczB4KODC1w5eY6LoNgfq6QzdSnSc4ccAATKo1IfYCuG3IZwaxj/5AAxl1kyaW7kPLBOXG66O4gSIKTQ==

stylelint-config-recommended@^3.0.0:
  version "3.0.0"
  resolved "https://registry.yarnpkg.com/stylelint-config-recommended/-/stylelint-config-recommended-3.0.0.tgz#e0e547434016c5539fe2650afd58049a2fd1d657"
  integrity sha512-F6yTRuc06xr1h5Qw/ykb2LuFynJ2IxkKfCMf+1xqPffkxh0S09Zc902XCffcsw/XMFq/OzQ1w54fLIDtmRNHnQ==

stylelint-config-standard@^19.0.0:
  version "19.0.0"
  resolved "https://registry.yarnpkg.com/stylelint-config-standard/-/stylelint-config-standard-19.0.0.tgz#66f0cf13f33b8a9e34965881493b38fc1313693a"
  integrity sha512-VvcODsL1PryzpYteWZo2YaA5vU/pWfjqBpOvmeA8iB2MteZ/ZhI1O4hnrWMidsS4vmEJpKtjdhLdfGJmmZm6Cg==
  dependencies:
    stylelint-config-recommended "^3.0.0"

stylelint-prettier@^1.1.1:
  version "1.1.1"
  resolved "https://registry.yarnpkg.com/stylelint-prettier/-/stylelint-prettier-1.1.1.tgz#213873c1d0097cd0985dafc766197dcd955e21c5"
  integrity sha512-H7Zjb+9ufF0dTjjJ4qSbN/yeAV14BNUK5rl267lvYfmmW4Swlz4a2rfwqqgiN/YlntHXXzM6Nh/UXHFIvLI8zA==
  dependencies:
    prettier-linter-helpers "^1.0.0"
